{
  "name": "angular2-meteor-tutorials",
  "version": "1.0.0",
  "dependencies": {
    "@angular/common": {
      "version": "2.2.1",
      "from": "@angular/common@2.2.1",
      "resolved": "https://registry.npmjs.org/@angular/common/-/common-2.2.1.tgz"
    },
    "@angular/compiler": {
      "version": "2.2.1",
      "from": "@angular/compiler@2.2.1",
      "resolved": "https://registry.npmjs.org/@angular/compiler/-/compiler-2.2.1.tgz"
    },
    "@angular/core": {
      "version": "2.2.1",
      "from": "@angular/core@2.2.1",
      "resolved": "https://registry.npmjs.org/@angular/core/-/core-2.2.1.tgz"
    },
    "@angular/forms": {
      "version": "2.2.1",
      "from": "@angular/forms@2.2.1",
      "resolved": "https://registry.npmjs.org/@angular/forms/-/forms-2.2.1.tgz"
    },
    "@angular/http": {
      "version": "2.2.1",
      "from": "@angular/http@2.2.1",
      "resolved": "https://registry.npmjs.org/@angular/http/-/http-2.2.1.tgz"
    },
    "@angular/platform-browser": {
      "version": "2.2.1",
      "from": "@angular/platform-browser@2.2.1",
      "resolved": "https://registry.npmjs.org/@angular/platform-browser/-/platform-browser-2.2.1.tgz"
    },
    "@angular/platform-browser-dynamic": {
      "version": "2.2.1",
      "from": "@angular/platform-browser-dynamic@2.2.1",
      "resolved": "https://registry.npmjs.org/@angular/platform-browser-dynamic/-/platform-browser-dynamic-2.2.1.tgz"
    },
    "@angular/platform-server": {
      "version": "2.2.1",
      "from": "@angular/platform-server@2.2.1",
      "resolved": "https://registry.npmjs.org/@angular/platform-server/-/platform-server-2.2.1.tgz"
    },
    "@angular/router": {
      "version": "3.2.1",
      "from": "@angular/router@3.2.1",
      "resolved": "https://registry.npmjs.org/@angular/router/-/router-3.2.1.tgz"
    },
    "@angular2-material/button": {
      "version": "2.0.0-alpha.8-2",
      "from": "@angular2-material/button@2.0.0-alpha.8-2",
      "resolved": "https://registry.npmjs.org/@angular2-material/button/-/button-2.0.0-alpha.8-2.tgz"
    },
    "@angular2-material/card": {
      "version": "2.0.0-alpha.8-2",
      "from": "@angular2-material/card@2.0.0-alpha.8-2",
      "resolved": "https://registry.npmjs.org/@angular2-material/card/-/card-2.0.0-alpha.8-2.tgz"
    },
    "@angular2-material/core": {
      "version": "2.0.0-alpha.8-2",
      "from": "@angular2-material/core@2.0.0-alpha.8-2",
      "resolved": "https://registry.npmjs.org/@angular2-material/core/-/core-2.0.0-alpha.8-2.tgz"
    },
    "@angular2-material/icon": {
      "version": "2.0.0-alpha.8-2",
      "from": "@angular2-material/icon@2.0.0-alpha.8-2",
      "resolved": "https://registry.npmjs.org/@angular2-material/icon/-/icon-2.0.0-alpha.8-2.tgz"
    },
    "@angular2-material/toolbar": {
      "version": "2.0.0-alpha.8-2",
      "from": "@angular2-material/toolbar@2.0.0-alpha.8-2",
      "resolved": "https://registry.npmjs.org/@angular2-material/toolbar/-/toolbar-2.0.0-alpha.8-2.tgz"
    },
    "abbrev": {
      "version": "1.0.9",
      "from": "abbrev@>=1.0.0 <2.0.0",
      "resolved": "https://registry.npmjs.org/abbrev/-/abbrev-1.0.9.tgz"
    },
    "accepts": {
      "version": "1.3.3",
      "from": "accepts@>=1.3.3 <1.4.0",
      "resolved": "https://registry.npmjs.org/accepts/-/accepts-1.3.3.tgz"
    },
    "acorn": {
      "version": "3.3.0",
      "from": "acorn@>=3.3.0 <4.0.0",
      "resolved": "https://registry.npmjs.org/acorn/-/acorn-3.3.0.tgz"
    },
    "acorn-jsx": {
      "version": "3.0.1",
      "from": "acorn-jsx@>=3.0.0 <4.0.0",
      "resolved": "https://registry.npmjs.org/acorn-jsx/-/acorn-jsx-3.0.1.tgz"
    },
    "amdefine": {
      "version": "1.0.1",
      "from": "amdefine@>=0.0.4",
      "resolved": "https://registry.npmjs.org/amdefine/-/amdefine-1.0.1.tgz"
    },
    "angular2-component-outlet": {
      "version": "3.0.1",
      "from": "angular2-component-outlet@3.0.1",
      "resolved": "https://registry.npmjs.org/angular2-component-outlet/-/angular2-component-outlet-3.0.1.tgz"
    },
    "angular2-express-engine": {
      "version": "2.1.0-rc.1",
      "from": "angular2-express-engine@2.1.0-rc.1",
      "resolved": "https://registry.npmjs.org/angular2-express-engine/-/angular2-express-engine-2.1.0-rc.1.tgz"
    },
    "angular2-platform-node": {
      "version": "2.1.0-rc.1",
      "from": "angular2-platform-node@2.1.0-rc.1",
      "resolved": "https://registry.npmjs.org/angular2-platform-node/-/angular2-platform-node-2.1.0-rc.1.tgz"
    },
    "angular2-universal": {
      "version": "2.1.0-rc.1",
      "from": "angular2-universal@2.1.0-rc.1",
      "resolved": "https://registry.npmjs.org/angular2-universal/-/angular2-universal-2.1.0-rc.1.tgz"
    },
    "angular2-universal-polyfills": {
      "version": "2.1.0-rc.1",
      "from": "angular2-universal-polyfills@2.1.0-rc.1",
      "resolved": "https://registry.npmjs.org/angular2-universal-polyfills/-/angular2-universal-polyfills-2.1.0-rc.1.tgz"
    },
    "ansi-escape-sequences": {
      "version": "3.0.0",
      "from": "ansi-escape-sequences@>=3.0.0 <4.0.0",
      "resolved": "https://registry.npmjs.org/ansi-escape-sequences/-/ansi-escape-sequences-3.0.0.tgz"
    },
    "app-usage-stats": {
      "version": "0.3.6",
      "from": "app-usage-stats@>=0.3.6 <0.4.0",
      "resolved": "https://registry.npmjs.org/app-usage-stats/-/app-usage-stats-0.3.6.tgz"
    },
    "array-back": {
      "version": "1.0.3",
      "from": "array-back@>=1.0.3 <2.0.0",
      "resolved": "https://registry.npmjs.org/array-back/-/array-back-1.0.3.tgz"
    },
    "array-flatten": {
      "version": "1.1.1",
      "from": "array-flatten@1.1.1",
      "resolved": "https://registry.npmjs.org/array-flatten/-/array-flatten-1.1.1.tgz"
    },
    "async": {
      "version": "0.2.10",
      "from": "async@>=0.2.6 <0.3.0",
      "resolved": "https://registry.npmjs.org/async/-/async-0.2.10.tgz",
      "optional": true
    },
    "atob": {
      "version": "1.1.3",
      "from": "atob@>=1.1.0 <1.2.0",
      "resolved": "https://registry.npmjs.org/atob/-/atob-1.1.3.tgz"
    },
    "babel-polyfill": {
      "version": "6.16.0",
      "from": "babel-polyfill@>=6.13.0 <7.0.0",
      "resolved": "https://registry.npmjs.org/babel-polyfill/-/babel-polyfill-6.16.0.tgz"
    },
    "babel-runtime": {
      "version": "6.18.0",
      "from": "babel-runtime@>=6.9.1 <7.0.0",
      "resolved": "https://registry.npmjs.org/babel-runtime/-/babel-runtime-6.18.0.tgz"
    },
    "balanced-match": {
      "version": "0.4.2",
      "from": "balanced-match@>=0.4.1 <0.5.0",
      "resolved": "https://registry.npmjs.org/balanced-match/-/balanced-match-0.4.2.tgz"
    },
    "bluebird": {
      "version": "3.4.6",
      "from": "bluebird@>=3.0.5 <4.0.0",
      "resolved": "https://registry.npmjs.org/bluebird/-/bluebird-3.4.6.tgz"
    },
    "body-parser": {
      "version": "1.15.2",
      "from": "body-parser@1.15.2",
      "resolved": "https://registry.npmjs.org/body-parser/-/body-parser-1.15.2.tgz"
    },
    "brace-expansion": {
      "version": "1.1.6",
      "from": "brace-expansion@>=1.0.0 <2.0.0",
      "resolved": "https://registry.npmjs.org/brace-expansion/-/brace-expansion-1.1.6.tgz"
    },
    "bytes": {
      "version": "2.4.0",
      "from": "bytes@2.4.0",
      "resolved": "https://registry.npmjs.org/bytes/-/bytes-2.4.0.tgz"
    },
    "cache-point": {
      "version": "0.3.4",
      "from": "cache-point@>=0.3.4 <0.4.0",
      "resolved": "https://registry.npmjs.org/cache-point/-/cache-point-0.3.4.tgz"
    },
    "catharsis": {
      "version": "0.8.8",
      "from": "catharsis@>=0.8.8 <0.9.0",
      "resolved": "https://registry.npmjs.org/catharsis/-/catharsis-0.8.8.tgz"
    },
    "collect-all": {
      "version": "1.0.2",
      "from": "collect-all@>=1.0.2 <2.0.0",
      "resolved": "https://registry.npmjs.org/collect-all/-/collect-all-1.0.2.tgz"
    },
    "collect-json": {
      "version": "1.0.8",
      "from": "collect-json@>=1.0.8 <2.0.0",
      "resolved": "https://registry.npmjs.org/collect-json/-/collect-json-1.0.8.tgz"
    },
    "command-line-args": {
      "version": "3.0.3",
      "from": "command-line-args@>=3.0.1 <4.0.0",
      "resolved": "https://registry.npmjs.org/command-line-args/-/command-line-args-3.0.3.tgz"
    },
    "command-line-commands": {
      "version": "1.0.4",
      "from": "command-line-commands@>=1.0.4 <2.0.0",
      "resolved": "https://registry.npmjs.org/command-line-commands/-/command-line-commands-1.0.4.tgz"
    },
    "command-line-tool": {
      "version": "0.6.4",
      "from": "command-line-tool@>=0.6.4 <0.7.0",
      "resolved": "https://registry.npmjs.org/command-line-tool/-/command-line-tool-0.6.4.tgz"
    },
    "command-line-usage": {
      "version": "3.0.7",
      "from": "command-line-usage@>=3.0.3 <4.0.0",
      "resolved": "https://registry.npmjs.org/command-line-usage/-/command-line-usage-3.0.7.tgz"
    },
    "commander": {
      "version": "2.9.0",
      "from": "commander@>=2.9.0 <3.0.0",
      "resolved": "https://registry.npmjs.org/commander/-/commander-2.9.0.tgz"
    },
    "common-sequence": {
      "version": "1.0.2",
      "from": "common-sequence@>=1.0.2 <2.0.0",
      "resolved": "https://registry.npmjs.org/common-sequence/-/common-sequence-1.0.2.tgz"
    },
    "concat-map": {
      "version": "0.0.1",
      "from": "concat-map@0.0.1",
      "resolved": "https://registry.npmjs.org/concat-map/-/concat-map-0.0.1.tgz"
    },
    "config-chain": {
      "version": "1.1.11",
      "from": "config-chain@>=1.1.5 <1.2.0",
      "resolved": "https://registry.npmjs.org/config-chain/-/config-chain-1.1.11.tgz"
    },
    "config-master": {
      "version": "2.0.4",
      "from": "config-master@>=2.0.4 <3.0.0",
      "resolved": "https://registry.npmjs.org/config-master/-/config-master-2.0.4.tgz"
    },
    "content-disposition": {
      "version": "0.5.1",
      "from": "content-disposition@0.5.1",
      "resolved": "https://registry.npmjs.org/content-disposition/-/content-disposition-0.5.1.tgz"
    },
    "content-type": {
      "version": "1.0.2",
      "from": "content-type@>=1.0.2 <1.1.0",
      "resolved": "https://registry.npmjs.org/content-type/-/content-type-1.0.2.tgz"
    },
    "cookie": {
      "version": "0.3.1",
      "from": "cookie@0.3.1",
      "resolved": "https://registry.npmjs.org/cookie/-/cookie-0.3.1.tgz"
    },
    "cookie-signature": {
      "version": "1.0.6",
      "from": "cookie-signature@1.0.6",
      "resolved": "https://registry.npmjs.org/cookie-signature/-/cookie-signature-1.0.6.tgz"
    },
    "core-js": {
      "version": "2.4.1",
      "from": "core-js@>=2.4.1 <3.0.0",
      "resolved": "https://registry.npmjs.org/core-js/-/core-js-2.4.1.tgz"
    },
    "css": {
      "version": "2.2.1",
      "from": "css@>=2.2.1 <3.0.0",
      "resolved": "https://registry.npmjs.org/css/-/css-2.2.1.tgz"
    },
    "debug": {
      "version": "2.2.0",
      "from": "debug@>=2.2.0 <2.3.0",
      "resolved": "https://registry.npmjs.org/debug/-/debug-2.2.0.tgz"
    },
    "deep-extend": {
      "version": "0.4.1",
      "from": "deep-extend@>=0.4.1 <0.5.0",
      "resolved": "https://registry.npmjs.org/deep-extend/-/deep-extend-0.4.1.tgz"
    },
    "defer-promise": {
      "version": "1.0.0",
      "from": "defer-promise@>=1.0.0 <2.0.0",
      "resolved": "https://registry.npmjs.org/defer-promise/-/defer-promise-1.0.0.tgz"
    },
    "depd": {
      "version": "1.1.0",
      "from": "depd@>=1.1.0 <1.2.0",
      "resolved": "https://registry.npmjs.org/depd/-/depd-1.1.0.tgz"
    },
    "destroy": {
      "version": "1.0.4",
      "from": "destroy@>=1.0.4 <1.1.0",
      "resolved": "https://registry.npmjs.org/destroy/-/destroy-1.0.4.tgz"
    },
    "dmd": {
      "version": "2.1.2",
      "from": "dmd@>=2.1.2 <3.0.0",
      "resolved": "https://registry.npmjs.org/dmd/-/dmd-2.1.2.tgz"
    },
    "editorconfig": {
      "version": "0.13.2",
      "from": "editorconfig@>=0.13.2 <0.14.0",
      "resolved": "https://registry.npmjs.org/editorconfig/-/editorconfig-0.13.2.tgz"
    },
    "ee-first": {
      "version": "1.1.1",
      "from": "ee-first@1.1.1",
      "resolved": "https://registry.npmjs.org/ee-first/-/ee-first-1.1.1.tgz"
    },
    "encodeurl": {
      "version": "1.0.1",
      "from": "encodeurl@>=1.0.1 <1.1.0",
      "resolved": "https://registry.npmjs.org/encodeurl/-/encodeurl-1.0.1.tgz"
    },
    "es6-promise": {
      "version": "3.0.2",
      "from": "es6-promise@>=3.0.2 <3.1.0",
      "resolved": "https://registry.npmjs.org/es6-promise/-/es6-promise-3.0.2.tgz"
    },
    "es6-shim": {
      "version": "0.35.1",
      "from": "es6-shim@>=0.35.0 <0.36.0",
      "resolved": "https://registry.npmjs.org/es6-shim/-/es6-shim-0.35.1.tgz"
    },
    "escape-html": {
      "version": "1.0.3",
      "from": "escape-html@>=1.0.3 <1.1.0",
      "resolved": "https://registry.npmjs.org/escape-html/-/escape-html-1.0.3.tgz"
    },
    "escape-string-regexp": {
      "version": "1.0.5",
      "from": "escape-string-regexp@>=1.0.5 <1.1.0",
      "resolved": "https://registry.npmjs.org/escape-string-regexp/-/escape-string-regexp-1.0.5.tgz"
    },
    "espree": {
      "version": "3.1.7",
      "from": "espree@>=3.1.7 <3.2.0",
      "resolved": "https://registry.npmjs.org/espree/-/espree-3.1.7.tgz"
    },
    "etag": {
      "version": "1.7.0",
      "from": "etag@>=1.7.0 <1.8.0",
      "resolved": "https://registry.npmjs.org/etag/-/etag-1.7.0.tgz"
    },
    "express": {
      "version": "4.14.0",
      "from": "express@4.14.0",
      "resolved": "https://registry.npmjs.org/express/-/express-4.14.0.tgz"
    },
    "feature-detect-es6": {
      "version": "1.3.1",
      "from": "feature-detect-es6@>=1.3.1 <2.0.0",
      "resolved": "https://registry.npmjs.org/feature-detect-es6/-/feature-detect-es6-1.3.1.tgz"
    },
    "file-set": {
      "version": "1.1.1",
      "from": "file-set@>=1.1.1 <2.0.0",
      "resolved": "https://registry.npmjs.org/file-set/-/file-set-1.1.1.tgz"
    },
    "finalhandler": {
      "version": "0.5.0",
      "from": "finalhandler@0.5.0",
      "resolved": "https://registry.npmjs.org/finalhandler/-/finalhandler-0.5.0.tgz"
    },
    "find-replace": {
      "version": "1.0.2",
      "from": "find-replace@>=1.0.2 <2.0.0",
      "resolved": "https://registry.npmjs.org/find-replace/-/find-replace-1.0.2.tgz"
    },
    "font-awesome": {
      "version": "4.7.0",
      "from": "font-awesome@latest",
      "resolved": "https://registry.npmjs.org/font-awesome/-/font-awesome-4.7.0.tgz"
    },
    "forwarded": {
      "version": "0.1.0",
      "from": "forwarded@>=0.1.0 <0.2.0",
      "resolved": "https://registry.npmjs.org/forwarded/-/forwarded-0.1.0.tgz"
    },
    "fresh": {
      "version": "0.3.0",
      "from": "fresh@0.3.0",
      "resolved": "https://registry.npmjs.org/fresh/-/fresh-0.3.0.tgz"
    },
    "fs-then-native": {
      "version": "1.0.2",
      "from": "fs-then-native@>=1.0.2 <2.0.0",
      "resolved": "https://registry.npmjs.org/fs-then-native/-/fs-then-native-1.0.2.tgz"
    },
    "fs.realpath": {
      "version": "1.0.0",
      "from": "fs.realpath@>=1.0.0 <2.0.0",
      "resolved": "https://registry.npmjs.org/fs.realpath/-/fs.realpath-1.0.0.tgz"
    },
    "git-patch-parser": {
      "version": "0.2.1",
      "from": "git-patch-parser@0.2.1",
      "resolved": "https://registry.npmjs.org/git-patch-parser/-/git-patch-parser-0.2.1.tgz"
    },
    "glob": {
      "version": "7.1.1",
      "from": "glob@>=7.1.0 <8.0.0",
      "resolved": "https://registry.npmjs.org/glob/-/glob-7.1.1.tgz"
    },
    "graceful-fs": {
      "version": "4.1.10",
      "from": "graceful-fs@>=4.1.4 <5.0.0",
      "resolved": "https://registry.npmjs.org/graceful-fs/-/graceful-fs-4.1.10.tgz"
    },
    "graceful-readlink": {
      "version": "1.0.1",
      "from": "graceful-readlink@>=1.0.0",
      "resolved": "https://registry.npmjs.org/graceful-readlink/-/graceful-readlink-1.0.1.tgz"
    },
    "handlebars": {
      "version": "3.0.3",
      "from": "handlebars@3.0.3",
      "resolved": "https://registry.npmjs.org/handlebars/-/handlebars-3.0.3.tgz"
    },
    "highlight.js": {
      "version": "9.7.0",
      "from": "highlight.js@9.7.0",
      "resolved": "https://registry.npmjs.org/highlight.js/-/highlight.js-9.7.0.tgz"
    },
    "home-path": {
      "version": "1.0.3",
      "from": "home-path@>=1.0.3 <2.0.0",
      "resolved": "https://registry.npmjs.org/home-path/-/home-path-1.0.3.tgz"
    },
    "http-errors": {
      "version": "1.5.1",
      "from": "http-errors@>=1.5.0 <1.6.0",
      "resolved": "https://registry.npmjs.org/http-errors/-/http-errors-1.5.1.tgz"
    },
    "iconv-lite": {
      "version": "0.4.13",
      "from": "iconv-lite@0.4.13",
      "resolved": "https://registry.npmjs.org/iconv-lite/-/iconv-lite-0.4.13.tgz"
    },
    "ie-shim": {
      "version": "0.1.0",
      "from": "ie-shim@>=0.1.0 <0.2.0",
      "resolved": "https://registry.npmjs.org/ie-shim/-/ie-shim-0.1.0.tgz"
    },
    "inflight": {
      "version": "1.0.6",
      "from": "inflight@>=1.0.4 <2.0.0",
      "resolved": "https://registry.npmjs.org/inflight/-/inflight-1.0.6.tgz"
    },
    "inherits": {
      "version": "2.0.3",
      "from": "inherits@>=2.0.1 <3.0.0",
      "resolved": "https://registry.npmjs.org/inherits/-/inherits-2.0.3.tgz"
    },
    "ini": {
      "version": "1.3.4",
      "from": "ini@>=1.3.4 <2.0.0",
      "resolved": "https://registry.npmjs.org/ini/-/ini-1.3.4.tgz"
    },
    "ipaddr.js": {
      "version": "1.1.1",
      "from": "ipaddr.js@1.1.1",
      "resolved": "https://registry.npmjs.org/ipaddr.js/-/ipaddr.js-1.1.1.tgz"
    },
    "js-beautify": {
      "version": "1.6.4",
      "from": "js-beautify@>=1.6.4 <2.0.0",
      "resolved": "https://registry.npmjs.org/js-beautify/-/js-beautify-1.6.4.tgz"
    },
    "js2xmlparser": {
      "version": "1.0.0",
      "from": "js2xmlparser@>=1.0.0 <1.1.0",
      "resolved": "https://registry.npmjs.org/js2xmlparser/-/js2xmlparser-1.0.0.tgz"
    },
    "jsdoc-75lb": {
      "version": "3.6.0",
      "from": "jsdoc-75lb@>=3.6.0 <4.0.0",
      "resolved": "https://registry.npmjs.org/jsdoc-75lb/-/jsdoc-75lb-3.6.0.tgz"
    },
    "jsdoc-api": {
      "version": "2.0.6",
      "from": "jsdoc-api@>=2.0.5 <3.0.0",
      "resolved": "https://registry.npmjs.org/jsdoc-api/-/jsdoc-api-2.0.6.tgz"
    },
    "jsdoc-parse": {
      "version": "2.0.5",
      "from": "jsdoc-parse@>=2.0.5 <3.0.0",
      "resolved": "https://registry.npmjs.org/jsdoc-parse/-/jsdoc-parse-2.0.5.tgz"
    },
    "jsdoc-to-markdown": {
      "version": "2.0.1",
      "from": "jsdoc-to-markdown@2.0.1",
      "resolved": "https://registry.npmjs.org/jsdoc-to-markdown/-/jsdoc-to-markdown-2.0.1.tgz"
    },
    "jsdoc2md-stats": {
      "version": "1.0.5",
      "from": "jsdoc2md-stats@>=1.0.3 <2.0.0",
      "resolved": "https://registry.npmjs.org/jsdoc2md-stats/-/jsdoc2md-stats-1.0.5.tgz"
    },
    "klaw": {
      "version": "1.3.1",
      "from": "klaw@>=1.3.0 <1.4.0",
      "resolved": "https://registry.npmjs.org/klaw/-/klaw-1.3.1.tgz"
    },
    "lodash": {
      "version": "4.16.4",
      "from": "lodash@4.16.4",
      "resolved": "https://registry.npmjs.org/lodash/-/lodash-4.16.4.tgz"
    },
    "lodash.omit": {
      "version": "4.5.0",
      "from": "lodash.omit@>=4.5.0 <5.0.0",
      "resolved": "https://registry.npmjs.org/lodash.omit/-/lodash.omit-4.5.0.tgz"
    },
    "lodash.pick": {
      "version": "4.4.0",
      "from": "lodash.pick@>=4.4.0 <5.0.0",
      "resolved": "https://registry.npmjs.org/lodash.pick/-/lodash.pick-4.4.0.tgz"
    },
    "lru-cache": {
      "version": "3.2.0",
      "from": "lru-cache@>=3.2.0 <4.0.0",
      "resolved": "https://registry.npmjs.org/lru-cache/-/lru-cache-3.2.0.tgz"
    },
    "markdown": {
      "version": "0.5.0",
      "from": "markdown@0.5.0",
      "resolved": "https://registry.npmjs.org/markdown/-/markdown-0.5.0.tgz",
      "dependencies": {
        "nopt": {
          "version": "2.1.2",
          "from": "nopt@>=2.1.1 <2.2.0",
          "resolved": "https://registry.npmjs.org/nopt/-/nopt-2.1.2.tgz"
        }
      }
    },
    "marked": {
      "version": "0.3.6",
      "from": "marked@0.3.6",
      "resolved": "https://registry.npmjs.org/marked/-/marked-0.3.6.tgz"
    },
    "media-typer": {
      "version": "0.3.0",
      "from": "media-typer@0.3.0",
      "resolved": "https://registry.npmjs.org/media-typer/-/media-typer-0.3.0.tgz"
    },
    "merge-descriptors": {
      "version": "1.0.1",
      "from": "merge-descriptors@1.0.1",
      "resolved": "https://registry.npmjs.org/merge-descriptors/-/merge-descriptors-1.0.1.tgz"
    },
    "methods": {
      "version": "1.1.2",
      "from": "methods@1.1.2",
      "resolved": "https://registry.npmjs.org/methods/-/methods-1.1.2.tgz"
    },
    "mime": {
      "version": "1.3.4",
      "from": "mime@1.3.4",
      "resolved": "https://registry.npmjs.org/mime/-/mime-1.3.4.tgz"
    },
    "mime-db": {
      "version": "1.25.0",
      "from": "mime-db@>=1.25.0 <1.26.0",
      "resolved": "https://registry.npmjs.org/mime-db/-/mime-db-1.25.0.tgz"
    },
    "mime-types": {
      "version": "2.1.13",
      "from": "mime-types@>=2.1.13 <2.2.0",
      "resolved": "https://registry.npmjs.org/mime-types/-/mime-types-2.1.13.tgz"
    },
    "minimatch": {
      "version": "3.0.3",
      "from": "minimatch@>=3.0.2 <4.0.0",
      "resolved": "https://registry.npmjs.org/minimatch/-/minimatch-3.0.3.tgz"
    },
    "minimist": {
      "version": "0.0.8",
      "from": "minimist@0.0.8",
      "resolved": "https://registry.npmjs.org/minimist/-/minimist-0.0.8.tgz"
    },
    "mkdirp": {
      "version": "0.5.1",
      "from": "mkdirp@>=0.5.0 <0.6.0",
      "resolved": "https://registry.npmjs.org/mkdirp/-/mkdirp-0.5.1.tgz"
    },
    "ms": {
      "version": "0.7.1",
      "from": "ms@0.7.1",
      "resolved": "https://registry.npmjs.org/ms/-/ms-0.7.1.tgz"
    },
    "negotiator": {
      "version": "0.6.1",
      "from": "negotiator@0.6.1",
      "resolved": "https://registry.npmjs.org/negotiator/-/negotiator-0.6.1.tgz"
    },
    "node-uuid": {
      "version": "1.4.7",
      "from": "node-uuid@>=1.4.7 <2.0.0",
      "resolved": "https://registry.npmjs.org/node-uuid/-/node-uuid-1.4.7.tgz"
    },
    "nopt": {
      "version": "3.0.6",
      "from": "nopt@>=3.0.1 <3.1.0",
      "resolved": "https://registry.npmjs.org/nopt/-/nopt-3.0.6.tgz"
    },
    "object-get": {
      "version": "2.1.0",
      "from": "object-get@>=2.1.0 <3.0.0",
      "resolved": "https://registry.npmjs.org/object-get/-/object-get-2.1.0.tgz"
    },
    "object-to-spawn-args": {
      "version": "1.1.0",
      "from": "object-to-spawn-args@>=1.1.0 <2.0.0",
      "resolved": "https://registry.npmjs.org/object-to-spawn-args/-/object-to-spawn-args-1.1.0.tgz"
    },
    "on-finished": {
      "version": "2.3.0",
      "from": "on-finished@>=2.3.0 <2.4.0",
      "resolved": "https://registry.npmjs.org/on-finished/-/on-finished-2.3.0.tgz"
    },
    "once": {
      "version": "1.4.0",
      "from": "once@>=1.3.0 <2.0.0",
      "resolved": "https://registry.npmjs.org/once/-/once-1.4.0.tgz"
    },
    "optimist": {
      "version": "0.6.1",
      "from": "optimist@>=0.6.1 <0.7.0",
      "resolved": "https://registry.npmjs.org/optimist/-/optimist-0.6.1.tgz"
    },
    "parse5": {
      "version": "2.2.1",
      "from": "parse5@2.2.1",
      "resolved": "https://registry.npmjs.org/parse5/-/parse5-2.2.1.tgz"
    },
    "parseurl": {
      "version": "1.3.1",
      "from": "parseurl@>=1.3.1 <1.4.0",
      "resolved": "https://registry.npmjs.org/parseurl/-/parseurl-1.3.1.tgz"
    },
    "path-is-absolute": {
      "version": "1.0.1",
      "from": "path-is-absolute@>=1.0.0 <2.0.0",
      "resolved": "https://registry.npmjs.org/path-is-absolute/-/path-is-absolute-1.0.1.tgz"
    },
    "path-to-regexp": {
      "version": "0.1.7",
      "from": "path-to-regexp@0.1.7",
      "resolved": "https://registry.npmjs.org/path-to-regexp/-/path-to-regexp-0.1.7.tgz"
    },
    "preboot": {
      "version": "4.5.2",
      "from": "preboot@4.5.2",
      "resolved": "https://registry.npmjs.org/preboot/-/preboot-4.5.2.tgz"
    },
    "proto-list": {
      "version": "1.2.4",
      "from": "proto-list@>=1.2.1 <1.3.0",
      "resolved": "https://registry.npmjs.org/proto-list/-/proto-list-1.2.4.tgz"
    },
    "proxy-addr": {
      "version": "1.1.2",
      "from": "proxy-addr@>=1.1.2 <1.2.0",
      "resolved": "https://registry.npmjs.org/proxy-addr/-/proxy-addr-1.1.2.tgz"
    },
    "pseudomap": {
      "version": "1.0.2",
      "from": "pseudomap@>=1.0.1 <2.0.0",
      "resolved": "https://registry.npmjs.org/pseudomap/-/pseudomap-1.0.2.tgz"
    },
    "qs": {
      "version": "6.2.0",
      "from": "qs@6.2.0",
      "resolved": "https://registry.npmjs.org/qs/-/qs-6.2.0.tgz"
    },
    "range-parser": {
      "version": "1.2.0",
      "from": "range-parser@>=1.2.0 <1.3.0",
      "resolved": "https://registry.npmjs.org/range-parser/-/range-parser-1.2.0.tgz"
    },
    "raw-body": {
      "version": "2.1.7",
      "from": "raw-body@>=2.1.7 <2.2.0",
      "resolved": "https://registry.npmjs.org/raw-body/-/raw-body-2.1.7.tgz"
    },
    "reduce-extract": {
      "version": "1.0.0",
      "from": "reduce-extract@>=1.0.0 <2.0.0",
      "resolved": "https://registry.npmjs.org/reduce-extract/-/reduce-extract-1.0.0.tgz",
      "dependencies": {
        "test-value": {
          "version": "1.1.0",
          "from": "test-value@>=1.0.1 <2.0.0",
          "resolved": "https://registry.npmjs.org/test-value/-/test-value-1.1.0.tgz"
        }
      }
    },
    "reduce-flatten": {
      "version": "1.0.1",
      "from": "reduce-flatten@>=1.0.1 <2.0.0",
      "resolved": "https://registry.npmjs.org/reduce-flatten/-/reduce-flatten-1.0.1.tgz"
    },
    "reduce-unique": {
      "version": "1.0.0",
      "from": "reduce-unique@>=1.0.0 <2.0.0",
      "resolved": "https://registry.npmjs.org/reduce-unique/-/reduce-unique-1.0.0.tgz"
    },
    "reduce-without": {
      "version": "1.0.1",
      "from": "reduce-without@>=1.0.1 <2.0.0",
      "resolved": "https://registry.npmjs.org/reduce-without/-/reduce-without-1.0.1.tgz"
    },
    "reflect-metadata": {
      "version": "0.1.2",
      "from": "reflect-metadata@0.1.2",
      "resolved": "https://registry.npmjs.org/reflect-metadata/-/reflect-metadata-0.1.2.tgz"
    },
    "regenerator-runtime": {
      "version": "0.9.6",
      "from": "regenerator-runtime@>=0.9.5 <0.10.0",
      "resolved": "https://registry.npmjs.org/regenerator-runtime/-/regenerator-runtime-0.9.6.tgz"
    },
    "req-then": {
      "version": "0.5.1",
      "from": "req-then@>=0.5.0 <0.6.0",
      "resolved": "https://registry.npmjs.org/req-then/-/req-then-0.5.1.tgz"
    },
    "requizzle": {
      "version": "0.2.1",
      "from": "requizzle@>=0.2.1 <0.3.0",
      "resolved": "https://registry.npmjs.org/requizzle/-/requizzle-0.2.1.tgz",
      "dependencies": {
        "underscore": {
          "version": "1.6.0",
          "from": "underscore@>=1.6.0 <1.7.0",
          "resolved": "https://registry.npmjs.org/underscore/-/underscore-1.6.0.tgz"
        }
      }
    },
    "resolve-url": {
      "version": "0.2.1",
      "from": "resolve-url@>=0.2.1 <0.3.0",
      "resolved": "https://registry.npmjs.org/resolve-url/-/resolve-url-0.2.1.tgz"
    },
    "rxjs": {
      "version": "5.0.0-beta.12",
      "from": "rxjs@5.0.0-beta.12",
      "resolved": "https://registry.npmjs.org/rxjs/-/rxjs-5.0.0-beta.12.tgz"
    },
    "send": {
      "version": "0.14.1",
      "from": "send@0.14.1",
      "resolved": "https://registry.npmjs.org/send/-/send-0.14.1.tgz"
    },
    "serve-static": {
      "version": "1.11.1",
      "from": "serve-static@>=1.11.1 <1.12.0",
      "resolved": "https://registry.npmjs.org/serve-static/-/serve-static-1.11.1.tgz"
    },
    "setprototypeof": {
      "version": "1.0.2",
      "from": "setprototypeof@1.0.2",
      "resolved": "https://registry.npmjs.org/setprototypeof/-/setprototypeof-1.0.2.tgz"
    },
    "sigmund": {
      "version": "1.0.1",
      "from": "sigmund@>=1.0.1 <2.0.0",
      "resolved": "https://registry.npmjs.org/sigmund/-/sigmund-1.0.1.tgz"
    },
    "sort-array": {
      "version": "1.1.1",
      "from": "sort-array@>=1.1.1 <2.0.0",
      "resolved": "https://registry.npmjs.org/sort-array/-/sort-array-1.1.1.tgz"
    },
    "source-map": {
      "version": "0.1.43",
      "from": "source-map@>=0.1.38 <0.2.0",
      "resolved": "https://registry.npmjs.org/source-map/-/source-map-0.1.43.tgz"
    },
    "source-map-resolve": {
      "version": "0.3.1",
      "from": "source-map-resolve@>=0.3.0 <0.4.0",
      "resolved": "https://registry.npmjs.org/source-map-resolve/-/source-map-resolve-0.3.1.tgz"
    },
    "source-map-url": {
      "version": "0.3.0",
      "from": "source-map-url@>=0.3.0 <0.4.0",
      "resolved": "https://registry.npmjs.org/source-map-url/-/source-map-url-0.3.0.tgz"
    },
    "statuses": {
      "version": "1.3.1",
      "from": "statuses@>=1.3.1 <2.0.0",
      "resolved": "https://registry.npmjs.org/statuses/-/statuses-1.3.1.tgz"
    },
    "stream-connect": {
      "version": "1.0.2",
      "from": "stream-connect@>=1.0.2 <2.0.0",
      "resolved": "https://registry.npmjs.org/stream-connect/-/stream-connect-1.0.2.tgz"
    },
    "stream-via": {
      "version": "1.0.3",
      "from": "stream-via@>=1.0.3 <2.0.0",
      "resolved": "https://registry.npmjs.org/stream-via/-/stream-via-1.0.3.tgz"
    },
    "strip-json-comments": {
      "version": "2.0.1",
      "from": "strip-json-comments@>=2.0.1 <2.1.0",
      "resolved": "https://registry.npmjs.org/strip-json-comments/-/strip-json-comments-2.0.1.tgz"
    },
    "symbol-observable": {
      "version": "1.0.4",
      "from": "symbol-observable@>=1.0.1 <2.0.0",
      "resolved": "https://registry.npmjs.org/symbol-observable/-/symbol-observable-1.0.4.tgz"
    },
    "table-layout": {
      "version": "0.2.3",
      "from": "table-layout@>=0.2.3 <0.3.0",
      "resolved": "https://registry.npmjs.org/table-layout/-/table-layout-0.2.3.tgz"
    },
    "taffydb": {
      "version": "2.6.2",
      "from": "taffydb@2.6.2",
      "resolved": "https://registry.npmjs.org/taffydb/-/taffydb-2.6.2.tgz"
    },
    "temp-path": {
      "version": "1.0.0",
      "from": "temp-path@>=1.0.0 <2.0.0",
      "resolved": "https://registry.npmjs.org/temp-path/-/temp-path-1.0.0.tgz"
    },
    "test-value": {
      "version": "2.1.0",
      "from": "test-value@>=2.0.0 <3.0.0",
      "resolved": "https://registry.npmjs.org/test-value/-/test-value-2.1.0.tgz"
    },
    "type-is": {
      "version": "1.6.14",
      "from": "type-is@>=1.6.13 <1.7.0",
      "resolved": "https://registry.npmjs.org/type-is/-/type-is-1.6.14.tgz"
    },
    "typical": {
      "version": "2.6.0",
      "from": "typical@>=2.4.2 <3.0.0",
      "resolved": "https://registry.npmjs.org/typical/-/typical-2.6.0.tgz"
    },
    "uglify-js": {
      "version": "2.3.6",
      "from": "uglify-js@>=2.3.0 <2.4.0",
      "resolved": "https://registry.npmjs.org/uglify-js/-/uglify-js-2.3.6.tgz",
      "optional": true,
      "dependencies": {
        "optimist": {
          "version": "0.3.7",
          "from": "optimist@>=0.3.5 <0.4.0",
          "resolved": "https://registry.npmjs.org/optimist/-/optimist-0.3.7.tgz",
          "optional": true
        }
      }
    },
    "underscore": {
      "version": "1.8.3",
      "from": "underscore@>=1.8.3 <1.9.0",
      "resolved": "https://registry.npmjs.org/underscore/-/underscore-1.8.3.tgz"
    },
    "underscore-contrib": {
      "version": "0.3.0",
      "from": "underscore-contrib@>=0.3.0 <0.4.0",
      "resolved": "https://registry.npmjs.org/underscore-contrib/-/underscore-contrib-0.3.0.tgz",
      "dependencies": {
        "underscore": {
          "version": "1.6.0",
          "from": "underscore@1.6.0",
          "resolved": "https://registry.npmjs.org/underscore/-/underscore-1.6.0.tgz"
        }
      }
    },
    "unpipe": {
      "version": "1.0.0",
      "from": "unpipe@1.0.0",
      "resolved": "https://registry.npmjs.org/unpipe/-/unpipe-1.0.0.tgz"
    },
    "urix": {
      "version": "0.1.0",
      "from": "urix@>=0.1.0 <0.2.0",
      "resolved": "https://registry.npmjs.org/urix/-/urix-0.1.0.tgz"
    },
    "usage-stats": {
      "version": "0.7.0",
      "from": "usage-stats@>=0.7.0 <0.8.0",
      "resolved": "https://registry.npmjs.org/usage-stats/-/usage-stats-0.7.0.tgz"
    },
    "utils-merge": {
      "version": "1.0.0",
      "from": "utils-merge@1.0.0",
      "resolved": "https://registry.npmjs.org/utils-merge/-/utils-merge-1.0.0.tgz"
    },
    "vary": {
      "version": "1.1.0",
      "from": "vary@>=1.1.0 <1.2.0",
      "resolved": "https://registry.npmjs.org/vary/-/vary-1.1.0.tgz"
    },
    "walk-back": {
      "version": "2.0.1",
      "from": "walk-back@>=2.0.1 <3.0.0",
      "resolved": "https://registry.npmjs.org/walk-back/-/walk-back-2.0.1.tgz"
    },
    "wordwrap": {
      "version": "0.0.3",
      "from": "wordwrap@>=0.0.2 <0.1.0",
      "resolved": "https://registry.npmjs.org/wordwrap/-/wordwrap-0.0.3.tgz"
    },
    "wordwrapjs": {
      "version": "1.2.1",
      "from": "wordwrapjs@>=1.2.1 <2.0.0",
      "resolved": "https://registry.npmjs.org/wordwrapjs/-/wordwrapjs-1.2.1.tgz"
    },
    "wrappy": {
      "version": "1.0.2",
      "from": "wrappy@>=1.0.0 <2.0.0",
      "resolved": "https://registry.npmjs.org/wrappy/-/wrappy-1.0.2.tgz"
    },
    "xhr2": {
      "version": "0.1.3",
      "from": "xhr2@>=0.1.3 <0.2.0",
      "resolved": "https://registry.npmjs.org/xhr2/-/xhr2-0.1.3.tgz"
    },
    "zone.js": {
      "version": "0.6.26",
      "from": "zone.js@0.6.26",
      "resolved": "https://registry.npmjs.org/zone.js/-/zone.js-0.6.26.tgz"
    }
  }
}
