# THIS IS AN AUTOGENERATED FILE. DO NOT EDIT THIS FILE DIRECTLY.
# yarn lockfile v1


"@angular/common@2.2.1":
  version "2.2.1"
  resolved "https://registry.yarnpkg.com/@angular/common/-/common-2.2.1.tgz#ad7996a865b7b11fc315363827f2414a48c6589c"

"@angular/compiler@2.2.1":
  version "2.2.1"
  resolved "https://registry.yarnpkg.com/@angular/compiler/-/compiler-2.2.1.tgz#16e7faf588cf9121a0f6c16d0bae2830f4cafdc1"

"@angular/core@2.2.1":
  version "2.2.1"
  resolved "https://registry.yarnpkg.com/@angular/core/-/core-2.2.1.tgz#86fdc34a370a4fcfe84ed9de4b3c43548612919c"

"@angular/forms@2.2.1":
  version "2.2.1"
  resolved "https://registry.yarnpkg.com/@angular/forms/-/forms-2.2.1.tgz#0e7154acc5127c583b4b52c59eac45d672c29da4"

"@angular/http@2.2.1":
  version "2.2.1"
  resolved "https://registry.yarnpkg.com/@angular/http/-/http-2.2.1.tgz#1626884a6c5f0cc602ce9d81e7420fcc02db3353"

"@angular/platform-browser-dynamic@2.2.1":
  version "2.2.1"
  resolved "https://registry.yarnpkg.com/@angular/platform-browser-dynamic/-/platform-browser-dynamic-2.2.1.tgz#561d32982fee4b68b474ba474c7f3c4d94bfeb6c"

"@angular/platform-browser@2.2.1":
  version "2.2.1"
  resolved "https://registry.yarnpkg.com/@angular/platform-browser/-/platform-browser-2.2.1.tgz#d51b36260089f3054e745efad05993523d5a5293"

"@angular/platform-server@2.2.1":
  version "2.2.1"
  resolved "https://registry.yarnpkg.com/@angular/platform-server/-/platform-server-2.2.1.tgz#fda7acc7113bfc58ec9d72a0a2fcc6a6e5c5226b"
  dependencies:
    parse5 "^2.2.1"

"@angular/router@3.2.1":
  version "3.2.1"
  resolved "https://registry.yarnpkg.com/@angular/router/-/router-3.2.1.tgz#eeace722a5a222bd6b1379df7a5bc580ace093ca"

"@angularclass/resolve-angular-routes@1.0.9":
  version "1.0.9"
  resolved "https://registry.yarnpkg.com/@angularclass/resolve-angular-routes/-/resolve-angular-routes-1.0.9.tgz#85de53add4a501507749e01d9ccc5cc338276d67"

"@types/async@^2.0.31":
  version "2.0.38"
  resolved "https://registry.yarnpkg.com/@types/async/-/async-2.0.38.tgz#5c369dcb14788da0621daafa8594a053b0edcb21"

"@types/body-parser@0.0.29":
  version "0.0.29"
  resolved "https://registry.yarnpkg.com/@types/body-parser/-/body-parser-0.0.29.tgz#6476c6a2cff20426554a4ea1c1c189fb543d07dc"
  dependencies:
    "@types/express" "4.0.*"

"@types/compression@0.0.29":
  version "0.0.29"
  resolved "https://registry.yarnpkg.com/@types/compression/-/compression-0.0.29.tgz#73bef1327cc5e1d429e702c640573ceb454f0a4f"
  dependencies:
    "@types/express" "4.0.*"

"@types/cookie-parser@^1.3.29":
  version "1.3.30"
  resolved "https://registry.yarnpkg.com/@types/cookie-parser/-/cookie-parser-1.3.30.tgz#70e4824086e2f214dbc674fd922d1c2744475392"
  dependencies:
    "@types/express" "*"

"@types/express-serve-static-core@*", "@types/express-serve-static-core@^4.0.33":
  version "4.0.40"
  resolved "https://registry.yarnpkg.com/@types/express-serve-static-core/-/express-serve-static-core-4.0.40.tgz#168e82978bffc81ee7737bc60728d64733a4f37b"
  dependencies:
    "@types/node" "*"

"@types/express@*", "@types/express@4.0.*", "@types/express@^4.0.32":
  version "4.0.35"
  resolved "https://registry.yarnpkg.com/@types/express/-/express-4.0.35.tgz#6267c7b60a51fac473467b3c4a02cd1e441805fe"
  dependencies:
    "@types/express-serve-static-core" "*"
    "@types/serve-static" "*"

"@types/graphql@^0.8.0":
  version "0.8.6"
  resolved "https://registry.yarnpkg.com/@types/graphql/-/graphql-0.8.6.tgz#b34fb880493ba835b0c067024ee70130d6f9bb68"

"@types/hammerjs@^2.0.32":
  version "2.0.34"
  resolved "https://registry.yarnpkg.com/@types/hammerjs/-/hammerjs-2.0.34.tgz#9cbac4f41cb039436141785e1be50b3ab10a04a9"

"@types/highlight.js@^9.1.8":
  version "9.1.9"
  resolved "https://registry.yarnpkg.com/@types/highlight.js/-/highlight.js-9.1.9.tgz#ed6336955eaf233b75eb7923b9b1f373d045ef01"

"@types/isomorphic-fetch@0.0.30":
  version "0.0.30"
  resolved "https://registry.yarnpkg.com/@types/isomorphic-fetch/-/isomorphic-fetch-0.0.30.tgz#a21717624cde9a48c2db53a4e500fc5c32a99bbc"

"@types/lodash@^4.14.37":
  version "4.14.51"
  resolved "https://registry.yarnpkg.com/@types/lodash/-/lodash-4.14.51.tgz#8454ce32d367824e4e30d910a5c1a84c14e5626f"

"@types/mime@*", "@types/mime@0.0.28":
  version "0.0.28"
  resolved "https://registry.yarnpkg.com/@types/mime/-/mime-0.0.28.tgz#57c3a60e773632066c82b0d046bf768c9b401ff6"

"@types/node@*", "@types/node@^6.0.38":
  version "6.0.62"
  resolved "https://registry.yarnpkg.com/@types/node/-/node-6.0.62.tgz#85222c077b54f25b57417bb708b9f877bda37f89"

"@types/serve-static@*", "@types/serve-static@^1.7.27":
  version "1.7.31"
  resolved "https://registry.yarnpkg.com/@types/serve-static/-/serve-static-1.7.31.tgz#15456de8d98d6b4cff31be6c6af7492ae63f521a"
  dependencies:
    "@types/express-serve-static-core" "*"
    "@types/mime" "*"

abbrev@1:
  version "1.0.9"
  resolved "https://registry.yarnpkg.com/abbrev/-/abbrev-1.0.9.tgz#91b4792588a7738c25f35dd6f63752a2f8776135"

acorn-jsx@^3.0.0:
  version "3.0.1"
  resolved "https://registry.yarnpkg.com/acorn-jsx/-/acorn-jsx-3.0.1.tgz#afdf9488fb1ecefc8348f6fb22f464e32a58b36b"
  dependencies:
    acorn "^3.0.4"

acorn@^3.0.4, acorn@^3.3.0:
  version "3.3.0"
  resolved "https://registry.yarnpkg.com/acorn/-/acorn-3.3.0.tgz#45e37fb39e8da3f25baee3ff5369e2bb5f22017a"

amdefine@>=0.0.4:
  version "1.0.1"
  resolved "https://registry.yarnpkg.com/amdefine/-/amdefine-1.0.1.tgz#4a5282ac164729e93619bcfd3ad151f817ce91f5"

angular2-express-engine@2.1.0-rc.1:
  version "2.1.0-rc.1"
  resolved "https://registry.yarnpkg.com/angular2-express-engine/-/angular2-express-engine-2.1.0-rc.1.tgz#79c8e481cde7ff1253b373cbf98de7c9fab4f215"
  dependencies:
    graceful-fs "^4.1.4"

angular2-platform-node@2.1.0-rc.1, angular2-platform-node@~2.1.0-rc.1:
  version "2.1.0-rc.1"
  resolved "https://registry.yarnpkg.com/angular2-platform-node/-/angular2-platform-node-2.1.0-rc.1.tgz#ab92d093951ffeede4f1570aec8de1a454b91645"
  dependencies:
    css "^2.2.1"
    parse5 "^2.2.1"
    preboot "4.5.2"

angular2-universal-polyfills@2.1.0-rc.1:
  version "2.1.0-rc.1"
  resolved "https://registry.yarnpkg.com/angular2-universal-polyfills/-/angular2-universal-polyfills-2.1.0-rc.1.tgz#d14a2bdec567cd94baba6161c7c5e7d5edc1210e"
  dependencies:
    es6-promise "~3.0.2"
    es6-shim "~0.35.0"
    ie-shim "^0.1.0"
    reflect-metadata "0.1.2"

angular2-universal@2.1.0-rc.1:
  version "2.1.0-rc.1"
  resolved "https://registry.yarnpkg.com/angular2-universal/-/angular2-universal-2.1.0-rc.1.tgz#8cd5f5288014b15d86eb18829c2f6ef3f841c80b"
  dependencies:
    angular2-platform-node "~2.1.0-rc.1"
    css "^2.2.1"
    js-beautify "^1.6.4"
    parse5 "^2.2.1"
    preboot "4.5.2"
    xhr2 "^0.1.3"

ansi-escape-sequences@^3.0.0:
  version "3.0.0"
  resolved "https://registry.yarnpkg.com/ansi-escape-sequences/-/ansi-escape-sequences-3.0.0.tgz#1c18394b6af9b76ff9a63509fa497669fd2ce53e"
  dependencies:
    array-back "^1.0.3"

ansi-regex@^2.0.0:
  version "2.1.1"
  resolved "https://registry.yarnpkg.com/ansi-regex/-/ansi-regex-2.1.1.tgz#c3b33ab5ee360d86e0e628f0468ae7ef27d654df"

ansi-styles@^2.2.1:
  version "2.2.1"
  resolved "https://registry.yarnpkg.com/ansi-styles/-/ansi-styles-2.2.1.tgz#b432dd3358b634cf75e1e4664368240533c1ddbe"

apollo-client@^0.8.1:
  version "0.8.1"
  resolved "https://registry.yarnpkg.com/apollo-client/-/apollo-client-0.8.1.tgz#a7032e88f75170b35db2ac3c3acfd2b4adbf9a2a"
  dependencies:
    graphql-anywhere "^2.1.0"
    graphql-tag "^1.1.1"
    redux "^3.4.0"
    symbol-observable "^1.0.2"
    whatwg-fetch "^2.0.0"
  optionalDependencies:
    "@types/async" "^2.0.31"
    "@types/graphql" "^0.8.0"
    "@types/isomorphic-fetch" "0.0.30"

app-usage-stats@^0.4.0:
  version "0.4.1"
  resolved "https://registry.yarnpkg.com/app-usage-stats/-/app-usage-stats-0.4.1.tgz#97eb9b89b5678fa2ddc9793b1298628cc218429f"
  dependencies:
    array-back "^1.0.4"
    core-js "^2.4.1"
    feature-detect-es6 "^1.3.1"
    home-path "^1.0.3"
    test-value "^2.1.0"
    usage-stats "^0.8.2"

array-back@^1.0.2, array-back@^1.0.3, array-back@^1.0.4:
  version "1.0.4"
  resolved "https://registry.yarnpkg.com/array-back/-/array-back-1.0.4.tgz#644ba7f095f7ffcf7c43b5f0dc39d3c1f03c063b"
  dependencies:
    typical "^2.6.0"

asn1@~0.2.3:
  version "0.2.3"
  resolved "https://registry.yarnpkg.com/asn1/-/asn1-0.2.3.tgz#dac8787713c9966849fc8180777ebe9c1ddf3b86"

assert-plus@^0.2.0:
  version "0.2.0"
  resolved "https://registry.yarnpkg.com/assert-plus/-/assert-plus-0.2.0.tgz#d74e1b87e7affc0db8aadb7021f3fe48101ab234"

assert-plus@^1.0.0:
  version "1.0.0"
  resolved "https://registry.yarnpkg.com/assert-plus/-/assert-plus-1.0.0.tgz#f12e0f3c5d77b0b1cdd9146942e4e96c1e4dd525"

async@~0.2.6:
  version "0.2.10"
  resolved "https://registry.yarnpkg.com/async/-/async-0.2.10.tgz#b6bbe0b0674b9d719708ca38de8c237cb526c3d1"

asynckit@^0.4.0:
  version "0.4.0"
  resolved "https://registry.yarnpkg.com/asynckit/-/asynckit-0.4.0.tgz#c79ed97f7f34cb8f2ba1bc9790bcc366474b4b79"

atob@~1.1.0:
  version "1.1.3"
  resolved "https://registry.yarnpkg.com/atob/-/atob-1.1.3.tgz#95f13629b12c3a51a5d215abdce2aa9f32f80773"

autoprefixer@6.5.1:
  version "6.5.1"
  resolved "https://registry.yarnpkg.com/autoprefixer/-/autoprefixer-6.5.1.tgz#ae759a5221e709f3da17c2d656230e67c43cbb75"
  dependencies:
    browserslist "~1.4.0"
    caniuse-db "^1.0.30000554"
    normalize-range "^0.1.2"
    num2fraction "^1.2.2"
    postcss "^5.2.4"
    postcss-value-parser "^3.2.3"

aws-sign2@~0.6.0:
  version "0.6.0"
  resolved "https://registry.yarnpkg.com/aws-sign2/-/aws-sign2-0.6.0.tgz#14342dd38dbcc94d0e5b87d763cd63612c0e794f"

aws4@^1.2.1:
  version "1.5.0"
  resolved "https://registry.yarnpkg.com/aws4/-/aws4-1.5.0.tgz#0a29ffb79c31c9e712eeb087e8e7a64b4a56d755"

babel-polyfill@^6.13.0:
  version "6.22.0"
  resolved "https://registry.yarnpkg.com/babel-polyfill/-/babel-polyfill-6.22.0.tgz#1ac99ebdcc6ba4db1e2618c387b2084a82154a3b"
  dependencies:
    babel-runtime "^6.22.0"
    core-js "^2.4.0"
    regenerator-runtime "^0.10.0"

babel-runtime@^6.22.0:
  version "6.22.0"
  resolved "https://registry.yarnpkg.com/babel-runtime/-/babel-runtime-6.22.0.tgz#1cf8b4ac67c77a4ddb0db2ae1f74de52ac4ca611"
  dependencies:
    core-js "^2.4.0"
    regenerator-runtime "^0.10.0"

balanced-match@^0.4.1:
  version "0.4.2"
  resolved "https://registry.yarnpkg.com/balanced-match/-/balanced-match-0.4.2.tgz#cb3f3e3c732dc0f01ee70b403f302e61d7709838"

bcrypt-pbkdf@^1.0.0:
  version "1.0.0"
  resolved "https://registry.yarnpkg.com/bcrypt-pbkdf/-/bcrypt-pbkdf-1.0.0.tgz#3ca76b85241c7170bf7d9703e7b9aa74630040d4"
  dependencies:
    tweetnacl "^0.14.3"

bluebird@^3.0.5, bluebird@~3.4.6:
  version "3.4.7"
  resolved "https://registry.yarnpkg.com/bluebird/-/bluebird-3.4.7.tgz#f72d760be09b7f76d08ed8fae98b289a8d05fab3"

boom@2.x.x:
  version "2.10.1"
  resolved "https://registry.yarnpkg.com/boom/-/boom-2.10.1.tgz#39c8918ceff5799f83f9492a848f625add0c766f"
  dependencies:
    hoek "2.x.x"

brace-expansion@^1.0.0:
  version "1.1.6"
  resolved "https://registry.yarnpkg.com/brace-expansion/-/brace-expansion-1.1.6.tgz#7197d7eaa9b87e648390ea61fc66c84427420df9"
  dependencies:
    balanced-match "^0.4.1"
    concat-map "0.0.1"

browserslist@~1.4.0:
  version "1.4.0"
  resolved "https://registry.yarnpkg.com/browserslist/-/browserslist-1.4.0.tgz#9cfdcf5384d9158f5b70da2aa00b30e8ff019049"
  dependencies:
    caniuse-db "^1.0.30000539"

cache-point@^0.3.4, cache-point@~0.3.4:
  version "0.3.4"
  resolved "https://registry.yarnpkg.com/cache-point/-/cache-point-0.3.4.tgz#152db502c6bb23b5aa3f663e230d5de8ec4e4f3f"
  dependencies:
    array-back "^1.0.3"
    core-js "^2.4.1"
    feature-detect-es6 "^1.3.1"
    fs-then-native "^1.0.2"
    mkdirp "~0.5.1"

caniuse-db@^1.0.30000539, caniuse-db@^1.0.30000554:
  version "1.0.30000617"
  resolved "https://registry.yarnpkg.com/caniuse-db/-/caniuse-db-1.0.30000617.tgz#9b7fd81f58a35526315c83e60cb5f076f0beb392"

caseless@~0.11.0:
  version "0.11.0"
  resolved "https://registry.yarnpkg.com/caseless/-/caseless-0.11.0.tgz#715b96ea9841593cc33067923f5ec60ebda4f7d7"

catharsis@~0.8.8:
  version "0.8.8"
  resolved "https://registry.yarnpkg.com/catharsis/-/catharsis-0.8.8.tgz#693479f43aac549d806bd73e924cd0d944951a06"
  dependencies:
    underscore-contrib "~0.3.0"

chalk@^1.1.1, chalk@^1.1.3:
  version "1.1.3"
  resolved "https://registry.yarnpkg.com/chalk/-/chalk-1.1.3.tgz#a8115c55e4a702fe4d150abd3872822a7e09fc98"
  dependencies:
    ansi-styles "^2.2.1"
    escape-string-regexp "^1.0.2"
    has-ansi "^2.0.0"
    strip-ansi "^3.0.0"
    supports-color "^2.0.0"

cli-commands@0.1.0:
  version "0.1.0"
  resolved "https://registry.yarnpkg.com/cli-commands/-/cli-commands-0.1.0.tgz#c57cacc406bbcf9ee21646607161ed432ef5a05a"
  dependencies:
    ansi-escape-sequences "^3.0.0"
    command-line-args "^3.0.1"
    command-line-commands "^1.0.4"
    command-line-usage "^3.0.5"

collect-all@^1.0.2:
  version "1.0.2"
  resolved "https://registry.yarnpkg.com/collect-all/-/collect-all-1.0.2.tgz#39450f1e7aa6086570a006bce93ccf1218a77ea1"
  dependencies:
    stream-connect "^1.0.2"
    stream-via "^1.0.3"

combined-stream@^1.0.5, combined-stream@~1.0.5:
  version "1.0.5"
  resolved "https://registry.yarnpkg.com/combined-stream/-/combined-stream-1.0.5.tgz#938370a57b4a51dea2c77c15d5c5fdf895164009"
  dependencies:
    delayed-stream "~1.0.0"

command-line-args@^3.0.1:
  version "3.0.5"
  resolved "https://registry.yarnpkg.com/command-line-args/-/command-line-args-3.0.5.tgz#5bd4ad45e7983e5c1344918e40280ee2693c5ac0"
  dependencies:
    array-back "^1.0.4"
    feature-detect-es6 "^1.3.1"
    find-replace "^1.0.2"
    typical "^2.6.0"

command-line-commands@^1.0.4:
  version "1.0.4"
  resolved "https://registry.yarnpkg.com/command-line-commands/-/command-line-commands-1.0.4.tgz#034f9b167b5188afbdcf6b2efbb150fc8442c32b"
  dependencies:
    array-back "^1.0.3"
    feature-detect-es6 "^1.3.1"

command-line-tool@^0.6.4:
  version "0.6.4"
  resolved "https://registry.yarnpkg.com/command-line-tool/-/command-line-tool-0.6.4.tgz#4c11e372f3e41254861c3fe6b538d3c7a5b144f3"
  dependencies:
    ansi-escape-sequences "^3.0.0"
    array-back "^1.0.3"
    command-line-args "^3.0.1"
    command-line-usage "^3.0.3"
    feature-detect-es6 "^1.3.1"
    typical "^2.6.0"

command-line-usage@^3.0.3, command-line-usage@^3.0.5:
  version "3.0.8"
  resolved "https://registry.yarnpkg.com/command-line-usage/-/command-line-usage-3.0.8.tgz#b6a20978c1b383477f5c11a529428b880bfe0f4d"
  dependencies:
    ansi-escape-sequences "^3.0.0"
    array-back "^1.0.3"
    feature-detect-es6 "^1.3.1"
    table-layout "^0.3.0"
    typical "^2.6.0"

commander@^2.9.0:
  version "2.9.0"
  resolved "https://registry.yarnpkg.com/commander/-/commander-2.9.0.tgz#9c99094176e12240cb22d6c5146098400fe0f7d4"
  dependencies:
    graceful-readlink ">= 1.0.0"

common-sequence@^1.0.2:
  version "1.0.2"
  resolved "https://registry.yarnpkg.com/common-sequence/-/common-sequence-1.0.2.tgz#30e07f3f8f6f7f9b3dee854f20b2d39eee086de8"

concat-map@0.0.1:
  version "0.0.1"
  resolved "https://registry.yarnpkg.com/concat-map/-/concat-map-0.0.1.tgz#d8a96bd77fd68df7793a73036a3ba0d5405d477b"

config-chain@~1.1.5:
  version "1.1.11"
  resolved "https://registry.yarnpkg.com/config-chain/-/config-chain-1.1.11.tgz#aba09747dfbe4c3e70e766a6e41586e1859fc6f2"
  dependencies:
    ini "^1.3.4"
    proto-list "~1.2.1"

config-master@^2.0.4:
  version "2.0.4"
  resolved "https://registry.yarnpkg.com/config-master/-/config-master-2.0.4.tgz#e749505c5d3f946f2fad3c76dfe71fca689751dc"
  dependencies:
    babel-polyfill "^6.13.0"
    feature-detect-es6 "^1.3.1"
    walk-back "^2.0.1"

cookie-parser@1.4.3:
  version "1.4.3"
  resolved "https://registry.yarnpkg.com/cookie-parser/-/cookie-parser-1.4.3.tgz#0fe31fa19d000b95f4aadf1f53fdc2b8a203baa5"
  dependencies:
    cookie "0.3.1"
    cookie-signature "1.0.6"

cookie-signature@1.0.6:
  version "1.0.6"
  resolved "https://registry.yarnpkg.com/cookie-signature/-/cookie-signature-1.0.6.tgz#e303a882b342cc3ee8ca513a79999734dab3ae2c"

cookie@0.3.1:
  version "0.3.1"
  resolved "https://registry.yarnpkg.com/cookie/-/cookie-0.3.1.tgz#e7e0a1f9ef43b4c8ba925c5c5a96e806d16873bb"

copy-dir@0.3.0:
  version "0.3.0"
  resolved "https://registry.yarnpkg.com/copy-dir/-/copy-dir-0.3.0.tgz#deb2dc2fa9c9290ed47c84155a999a6d45f5a358"
  dependencies:
    mkdir-p "~0.0.4"

core-js@^2.4.0, core-js@^2.4.1:
  version "2.4.1"
  resolved "https://registry.yarnpkg.com/core-js/-/core-js-2.4.1.tgz#4de911e667b0eae9124e34254b53aea6fc618d3e"

cryptiles@2.x.x:
  version "2.0.5"
  resolved "https://registry.yarnpkg.com/cryptiles/-/cryptiles-2.0.5.tgz#3bdfecdc608147c1c67202fa291e7dca59eaa3b8"
  dependencies:
    boom "2.x.x"

css@^2.2.1:
  version "2.2.1"
  resolved "https://registry.yarnpkg.com/css/-/css-2.2.1.tgz#73a4c81de85db664d4ee674f7d47085e3b2d55dc"
  dependencies:
    inherits "^2.0.1"
    source-map "^0.1.38"
    source-map-resolve "^0.3.0"
    urix "^0.1.0"

dashdash@^1.12.0:
  version "1.14.1"
  resolved "https://registry.yarnpkg.com/dashdash/-/dashdash-1.14.1.tgz#853cfa0f7cbe2fed5de20326b8dd581035f6e2f0"
  dependencies:
    assert-plus "^1.0.0"

deep-extend@~0.4.1:
  version "0.4.1"
  resolved "https://registry.yarnpkg.com/deep-extend/-/deep-extend-0.4.1.tgz#efe4113d08085f4e6f9687759810f807469e2253"

defer-promise@^1.0.0:
  version "1.0.0"
  resolved "https://registry.yarnpkg.com/defer-promise/-/defer-promise-1.0.0.tgz#43c94a8a3e1e2699a114ea86a18fa9d5f83bca85"

delayed-stream@~1.0.0:
  version "1.0.0"
  resolved "https://registry.yarnpkg.com/delayed-stream/-/delayed-stream-1.0.0.tgz#df3ae199acadfb7d440aaae0b29e2272b24ec619"

dmd@^2.1.2:
  version "2.1.2"
  resolved "https://registry.yarnpkg.com/dmd/-/dmd-2.1.2.tgz#74be8de6d6ea78d04b11417d6c6bf2f1d33ec686"
  dependencies:
    array-back "^1.0.3"
    cache-point "^0.3.4"
    common-sequence "^1.0.2"
    core-js "^2.4.1"
    file-set "^1.1.1"
    handlebars "3.0.3"
    marked "^0.3.6"
    object-get "^2.1.0"
    reduce-flatten "^1.0.1"
    reduce-unique "^1.0.0"
    reduce-without "^1.0.1"
    test-value "^2.1.0"
    walk-back "^2.0.1"

ecc-jsbn@~0.1.1:
  version "0.1.1"
  resolved "https://registry.yarnpkg.com/ecc-jsbn/-/ecc-jsbn-0.1.1.tgz#0fc73a9ed5f0d53c38193398523ef7e543777505"
  dependencies:
    jsbn "~0.1.0"

editorconfig@^0.13.2:
  version "0.13.2"
  resolved "https://registry.yarnpkg.com/editorconfig/-/editorconfig-0.13.2.tgz#8e57926d9ee69ab6cb999f027c2171467acceb35"
  dependencies:
    bluebird "^3.0.5"
    commander "^2.9.0"
    lru-cache "^3.2.0"
    sigmund "^1.0.1"

encoding@^0.1.11:
  version "0.1.12"
  resolved "https://registry.yarnpkg.com/encoding/-/encoding-0.1.12.tgz#538b66f3ee62cd1ab51ec323829d1f9480c74beb"
  dependencies:
    iconv-lite "~0.4.13"

es6-promise@~3.0.2:
  version "3.0.2"
  resolved "https://registry.yarnpkg.com/es6-promise/-/es6-promise-3.0.2.tgz#010d5858423a5f118979665f46486a95c6ee2bb6"

es6-shim@~0.35.0:
  version "0.35.3"
  resolved "https://registry.yarnpkg.com/es6-shim/-/es6-shim-0.35.3.tgz#9bfb7363feffff87a6cdb6cd93e405ec3c4b6f26"

escape-string-regexp@^1.0.2, escape-string-regexp@~1.0.5:
  version "1.0.5"
  resolved "https://registry.yarnpkg.com/escape-string-regexp/-/escape-string-regexp-1.0.5.tgz#1b61c0562190a8dff6ae3bb2cf0200ca130b86d4"

espree@~3.1.7:
  version "3.1.7"
  resolved "https://registry.yarnpkg.com/espree/-/espree-3.1.7.tgz#fd5deec76a97a5120a9cd3a7cb1177a0923b11d2"
  dependencies:
    acorn "^3.3.0"
    acorn-jsx "^3.0.0"

extend@~3.0.0:
  version "3.0.0"
  resolved "https://registry.yarnpkg.com/extend/-/extend-3.0.0.tgz#5a474353b9f3353ddd8176dfd37b91c83a46f1d4"

extsprintf@1.0.2:
  version "1.0.2"
  resolved "https://registry.yarnpkg.com/extsprintf/-/extsprintf-1.0.2.tgz#e1080e0658e300b06294990cc70e1502235fd550"

feature-detect-es6@^1.3.1:
  version "1.3.1"
  resolved "https://registry.yarnpkg.com/feature-detect-es6/-/feature-detect-es6-1.3.1.tgz#f888736af9cb0c91f55663bfa4762eb96ee7047f"
  dependencies:
    array-back "^1.0.3"

file-set@^1.1.1:
  version "1.1.1"
  resolved "https://registry.yarnpkg.com/file-set/-/file-set-1.1.1.tgz#d3ec70c080ec8f18f204ba1de106780c9056926b"
  dependencies:
    array-back "^1.0.3"
    glob "^7.1.0"

find-replace@^1.0.2:
  version "1.0.3"
  resolved "https://registry.yarnpkg.com/find-replace/-/find-replace-1.0.3.tgz#b88e7364d2d9c959559f388c66670d6130441fa0"
  dependencies:
    array-back "^1.0.4"
    test-value "^2.1.0"

forever-agent@~0.6.1:
  version "0.6.1"
  resolved "https://registry.yarnpkg.com/forever-agent/-/forever-agent-0.6.1.tgz#fbc71f0c41adeb37f96c577ad1ed42d8fdacca91"

form-data@~2.1.1:
  version "2.1.2"
  resolved "https://registry.yarnpkg.com/form-data/-/form-data-2.1.2.tgz#89c3534008b97eada4cbb157d58f6f5df025eae4"
  dependencies:
    asynckit "^0.4.0"
    combined-stream "^1.0.5"
    mime-types "^2.1.12"

fs-then-native@^1.0.2:
  version "1.0.2"
  resolved "https://registry.yarnpkg.com/fs-then-native/-/fs-then-native-1.0.2.tgz#ac8d3807c9f1bbd1279607fb228e0ab649bb41fe"
  dependencies:
    feature-detect-es6 "^1.3.1"

fs.realpath@^1.0.0:
  version "1.0.0"
  resolved "https://registry.yarnpkg.com/fs.realpath/-/fs.realpath-1.0.0.tgz#1504ad2523158caa40db4a2787cb01411994ea4f"

generate-function@^2.0.0:
  version "2.0.0"
  resolved "https://registry.yarnpkg.com/generate-function/-/generate-function-2.0.0.tgz#6858fe7c0969b7d4e9093337647ac79f60dfbe74"

generate-object-property@^1.1.0:
  version "1.2.0"
  resolved "https://registry.yarnpkg.com/generate-object-property/-/generate-object-property-1.2.0.tgz#9c0e1c40308ce804f4783618b937fa88f99d50d0"
  dependencies:
    is-property "^1.0.0"

getpass@^0.1.1:
  version "0.1.6"
  resolved "https://registry.yarnpkg.com/getpass/-/getpass-0.1.6.tgz#283ffd9fc1256840875311c1b60e8c40187110e6"
  dependencies:
    assert-plus "^1.0.0"

glob@^7.0.5, glob@^7.1.0:
  version "7.1.1"
  resolved "https://registry.yarnpkg.com/glob/-/glob-7.1.1.tgz#805211df04faaf1c63a3600306cdf5ade50b2ec8"
  dependencies:
    fs.realpath "^1.0.0"
    inflight "^1.0.4"
    inherits "2"
    minimatch "^3.0.2"
    once "^1.3.0"
    path-is-absolute "^1.0.0"

graceful-fs@^4.1.4, graceful-fs@^4.1.9:
  version "4.1.11"
  resolved "https://registry.yarnpkg.com/graceful-fs/-/graceful-fs-4.1.11.tgz#0e8bdfe4d1ddb8854d64e04ea7c00e2a026e5658"

"graceful-readlink@>= 1.0.0":
  version "1.0.1"
  resolved "https://registry.yarnpkg.com/graceful-readlink/-/graceful-readlink-1.0.1.tgz#4cafad76bc62f02fa039b2f94e9a3dd3a391a725"

graphql-anywhere@^2.1.0:
  version "2.1.0"
  resolved "https://registry.yarnpkg.com/graphql-anywhere/-/graphql-anywhere-2.1.0.tgz#888c0a1718db3ff866b313070747777380560f69"

graphql-tag@^1.1.1, graphql-tag@^1.2.3:
  version "1.2.3"
  resolved "https://registry.yarnpkg.com/graphql-tag/-/graphql-tag-1.2.3.tgz#74c62443fbf3e693647426d7359f7e3e6ce7dace"

handlebars@3.0.3:
  version "3.0.3"
  resolved "https://registry.yarnpkg.com/handlebars/-/handlebars-3.0.3.tgz#0e09651a2f0fb3c949160583710d551f92e6d2ad"
  dependencies:
    optimist "^0.6.1"
    source-map "^0.1.40"
  optionalDependencies:
    uglify-js "~2.3"

har-validator@~2.0.6:
  version "2.0.6"
  resolved "https://registry.yarnpkg.com/har-validator/-/har-validator-2.0.6.tgz#cdcbc08188265ad119b6a5a7c8ab70eecfb5d27d"
  dependencies:
    chalk "^1.1.1"
    commander "^2.9.0"
    is-my-json-valid "^2.12.4"
    pinkie-promise "^2.0.0"

has-ansi@^2.0.0:
  version "2.0.0"
  resolved "https://registry.yarnpkg.com/has-ansi/-/has-ansi-2.0.0.tgz#34f5049ce1ecdf2b0649af3ef24e45ed35416d91"
  dependencies:
    ansi-regex "^2.0.0"

has-flag@^1.0.0:
  version "1.0.0"
  resolved "https://registry.yarnpkg.com/has-flag/-/has-flag-1.0.0.tgz#9d9e793165ce017a00f00418c43f942a7b1d11fa"

hawk@~3.1.3:
  version "3.1.3"
  resolved "https://registry.yarnpkg.com/hawk/-/hawk-3.1.3.tgz#078444bd7c1640b0fe540d2c9b73d59678e8e1c4"
  dependencies:
    boom "2.x.x"
    cryptiles "2.x.x"
    hoek "2.x.x"
    sntp "1.x.x"

highlight.js@9.7.0:
  version "9.7.0"
  resolved "https://registry.yarnpkg.com/highlight.js/-/highlight.js-9.7.0.tgz#e7a926bf3079c65b2ae50314878e456a009b4aac"

hoek@2.x.x:
  version "2.16.3"
  resolved "https://registry.yarnpkg.com/hoek/-/hoek-2.16.3.tgz#20bb7403d3cea398e91dc4710a8ff1b8274a25ed"

home-path@^1.0.3:
  version "1.0.3"
  resolved "https://registry.yarnpkg.com/home-path/-/home-path-1.0.3.tgz#9ece59fec3f032e6d10b5434fee264df4c2de32f"

http-signature@~1.1.0:
  version "1.1.1"
  resolved "https://registry.yarnpkg.com/http-signature/-/http-signature-1.1.1.tgz#df72e267066cd0ac67fb76adf8e134a8fbcf91bf"
  dependencies:
    assert-plus "^0.2.0"
    jsprim "^1.2.2"
    sshpk "^1.7.0"

iconv-lite@~0.4.13:
  version "0.4.15"
  resolved "https://registry.yarnpkg.com/iconv-lite/-/iconv-lite-0.4.15.tgz#fe265a218ac6a57cfe854927e9d04c19825eddeb"

ie-shim@^0.1.0:
  version "0.1.0"
  resolved "https://registry.yarnpkg.com/ie-shim/-/ie-shim-0.1.0.tgz#d329de228e7dfe656feaea3e20748ef095363c5d"

inflight@^1.0.4:
  version "1.0.6"
  resolved "https://registry.yarnpkg.com/inflight/-/inflight-1.0.6.tgz#49bd6331d7d02d0c09bc910a1075ba8165b56df9"
  dependencies:
    once "^1.3.0"
    wrappy "1"

inherits@2, inherits@^2.0.1:
  version "2.0.3"
  resolved "https://registry.yarnpkg.com/inherits/-/inherits-2.0.3.tgz#633c2c83e3da42a502f52466022480f4208261de"

ini@^1.3.4:
  version "1.3.4"
  resolved "https://registry.yarnpkg.com/ini/-/ini-1.3.4.tgz#0537cb79daf59b59a1a517dff706c86ec039162e"

is-my-json-valid@^2.12.4:
  version "2.15.0"
  resolved "https://registry.yarnpkg.com/is-my-json-valid/-/is-my-json-valid-2.15.0.tgz#936edda3ca3c211fd98f3b2d3e08da43f7b2915b"
  dependencies:
    generate-function "^2.0.0"
    generate-object-property "^1.1.0"
    jsonpointer "^4.0.0"
    xtend "^4.0.0"

is-property@^1.0.0:
  version "1.0.2"
  resolved "https://registry.yarnpkg.com/is-property/-/is-property-1.0.2.tgz#57fe1c4e48474edd65b09911f26b1cd4095dda84"

is-stream@^1.0.1:
  version "1.1.0"
  resolved "https://registry.yarnpkg.com/is-stream/-/is-stream-1.1.0.tgz#12d4a3dd4e68e0b79ceb8dbc84173ae80d91ca44"

is-typedarray@~1.0.0:
  version "1.0.0"
  resolved "https://registry.yarnpkg.com/is-typedarray/-/is-typedarray-1.0.0.tgz#e479c80858df0c1b11ddda6940f96011fcda4a9a"

isomorphic-fetch@^2.2.1:
  version "2.2.1"
  resolved "https://registry.yarnpkg.com/isomorphic-fetch/-/isomorphic-fetch-2.2.1.tgz#611ae1acf14f5e81f729507472819fe9733558a9"
  dependencies:
    node-fetch "^1.0.1"
    whatwg-fetch ">=0.10.0"

isstream@~0.1.2:
  version "0.1.2"
  resolved "https://registry.yarnpkg.com/isstream/-/isstream-0.1.2.tgz#47e63f7af55afa6f92e1500e690eb8b8529c099a"

jodid25519@^1.0.0:
  version "1.0.2"
  resolved "https://registry.yarnpkg.com/jodid25519/-/jodid25519-1.0.2.tgz#06d4912255093419477d425633606e0e90782967"
  dependencies:
    jsbn "~0.1.0"

js-base64@^2.1.9:
  version "2.1.9"
  resolved "https://registry.yarnpkg.com/js-base64/-/js-base64-2.1.9.tgz#f0e80ae039a4bd654b5f281fc93f04a914a7fcce"

js-beautify@^1.6.4:
  version "1.6.8"
  resolved "https://registry.yarnpkg.com/js-beautify/-/js-beautify-1.6.8.tgz#da1146d34431145309c89be7f69ed16e8e0ff07e"
  dependencies:
    config-chain "~1.1.5"
    editorconfig "^0.13.2"
    mkdirp "~0.5.0"
    nopt "~3.0.1"

js-tokens@^3.0.0:
  version "3.0.0"
  resolved "https://registry.yarnpkg.com/js-tokens/-/js-tokens-3.0.0.tgz#a2f2a969caae142fb3cd56228358c89366957bd1"

js2xmlparser@~1.0.0:
  version "1.0.0"
  resolved "https://registry.yarnpkg.com/js2xmlparser/-/js2xmlparser-1.0.0.tgz#5a170f2e8d6476ce45405e04823242513782fe30"

jsbn@~0.1.0:
  version "0.1.0"
  resolved "https://registry.yarnpkg.com/jsbn/-/jsbn-0.1.0.tgz#650987da0dd74f4ebf5a11377a2aa2d273e97dfd"

jsdoc-75lb@^3.6.0:
  version "3.6.0"
  resolved "https://registry.yarnpkg.com/jsdoc-75lb/-/jsdoc-75lb-3.6.0.tgz#a807119528b4009ccbcab49b7522f63fec6cd0bd"
  dependencies:
    bluebird "~3.4.6"
    catharsis "~0.8.8"
    escape-string-regexp "~1.0.5"
    espree "~3.1.7"
    js2xmlparser "~1.0.0"
    klaw "~1.3.0"
    marked "~0.3.6"
    mkdirp "~0.5.1"
    requizzle "~0.2.1"
    strip-json-comments "~2.0.1"
    taffydb "2.6.2"
    underscore "~1.8.3"

jsdoc-api@^2.0.5:
  version "2.0.6"
  resolved "https://registry.yarnpkg.com/jsdoc-api/-/jsdoc-api-2.0.6.tgz#978ffaf73be6b3edf69799d3599cc7695b82ba65"
  dependencies:
    array-back "^1.0.3"
    cache-point "~0.3.4"
    collect-all "^1.0.2"
    core-js "^2.4.1"
    feature-detect-es6 "^1.3.1"
    file-set "^1.1.1"
    fs-then-native "^1.0.2"
    jsdoc-75lb "^3.6.0"
    object-to-spawn-args "^1.1.0"
    temp-path "^1.0.0"
    walk-back "^2.0.1"

jsdoc-parse@^2.0.5:
  version "2.0.5"
  resolved "https://registry.yarnpkg.com/jsdoc-parse/-/jsdoc-parse-2.0.5.tgz#6d4163e8693f6054ab41dd4cfc643260958f1477"
  dependencies:
    array-back "^1.0.3"
    core-js "^2.4.1"
    feature-detect-es6 "^1.3.1"
    lodash.omit "^4.5.0"
    lodash.pick "^4.4.0"
    reduce-extract "^1.0.0"
    sort-array "^1.1.1"
    test-value "^2.1.0"

jsdoc-to-markdown@2.0.1:
  version "2.0.1"
  resolved "https://registry.yarnpkg.com/jsdoc-to-markdown/-/jsdoc-to-markdown-2.0.1.tgz#97eb4d716a7764f7595a26fcd3387c85cb7aba25"
  dependencies:
    array-back "^1.0.3"
    command-line-tool "^0.6.4"
    config-master "^2.0.4"
    core-js "^2.4.1"
    dmd "^2.1.2"
    feature-detect-es6 "^1.3.1"
    jsdoc-api "^2.0.5"
    jsdoc-parse "^2.0.5"
    jsdoc2md-stats "^1.0.3"
    walk-back "^2.0.1"

jsdoc2md-stats@^1.0.3:
  version "1.0.6"
  resolved "https://registry.yarnpkg.com/jsdoc2md-stats/-/jsdoc2md-stats-1.0.6.tgz#dc0e002aebbd0fbae5123534f92732afbc651fbf"
  dependencies:
    app-usage-stats "^0.4.0"
    feature-detect-es6 "^1.3.1"

json-schema@0.2.3:
  version "0.2.3"
  resolved "https://registry.yarnpkg.com/json-schema/-/json-schema-0.2.3.tgz#b480c892e59a2f05954ce727bd3f2a4e882f9e13"

json-stringify-safe@~5.0.1:
  version "5.0.1"
  resolved "https://registry.yarnpkg.com/json-stringify-safe/-/json-stringify-safe-5.0.1.tgz#1296a2d58fd45f19a0f6ce01d65701e2c735b6eb"

jsonpointer@^4.0.0:
  version "4.0.1"
  resolved "https://registry.yarnpkg.com/jsonpointer/-/jsonpointer-4.0.1.tgz#4fd92cb34e0e9db3c89c8622ecf51f9b978c6cb9"

jsprim@^1.2.2:
  version "1.3.1"
  resolved "https://registry.yarnpkg.com/jsprim/-/jsprim-1.3.1.tgz#2a7256f70412a29ee3670aaca625994c4dcff252"
  dependencies:
    extsprintf "1.0.2"
    json-schema "0.2.3"
    verror "1.3.6"

klaw@~1.3.0:
  version "1.3.1"
  resolved "https://registry.yarnpkg.com/klaw/-/klaw-1.3.1.tgz#4088433b46b3b1ba259d78785d8e96f73ba02439"
  optionalDependencies:
    graceful-fs "^4.1.9"

lodash-es@^4.2.1:
  version "4.17.4"
  resolved "https://registry.yarnpkg.com/lodash-es/-/lodash-es-4.17.4.tgz#dcc1d7552e150a0640073ba9cb31d70f032950e7"

lodash.omit@^4.5.0:
  version "4.5.0"
  resolved "https://registry.yarnpkg.com/lodash.omit/-/lodash.omit-4.5.0.tgz#6eb19ae5a1ee1dd9df0b969e66ce0b7fa30b5e60"

lodash.pick@^4.4.0:
  version "4.4.0"
  resolved "https://registry.yarnpkg.com/lodash.pick/-/lodash.pick-4.4.0.tgz#52f05610fff9ded422611441ed1fc123a03001b3"

lodash@4.16.4, lodash@^4.2.1:
  version "4.16.4"
  resolved "https://registry.yarnpkg.com/lodash/-/lodash-4.16.4.tgz#01ce306b9bad1319f2a5528674f88297aeb70127"

loose-envify@^1.1.0:
  version "1.3.1"
  resolved "https://registry.yarnpkg.com/loose-envify/-/loose-envify-1.3.1.tgz#d1a8ad33fa9ce0e713d65fdd0ac8b748d478c848"
  dependencies:
    js-tokens "^3.0.0"

lru-cache@^3.2.0:
  version "3.2.0"
  resolved "https://registry.yarnpkg.com/lru-cache/-/lru-cache-3.2.0.tgz#71789b3b7f5399bec8565dda38aa30d2a097efee"
  dependencies:
    pseudomap "^1.0.1"

markdown@0.5.0:
  version "0.5.0"
  resolved "https://registry.yarnpkg.com/markdown/-/markdown-0.5.0.tgz#28205b565a8ae7592de207463d6637dc182722b2"
  dependencies:
    nopt "~2.1.1"

marked@0.3.6, marked@^0.3.6, marked@~0.3.6:
  version "0.3.6"
  resolved "https://registry.yarnpkg.com/marked/-/marked-0.3.6.tgz#b2c6c618fccece4ef86c4fc6cb8a7cbf5aeda8d7"

methods@1.1.2:
  version "1.1.2"
  resolved "https://registry.yarnpkg.com/methods/-/methods-1.1.2.tgz#5529a4d67654134edcc5266656835b0f851afcee"

mime-db@~1.26.0:
  version "1.26.0"
  resolved "https://registry.yarnpkg.com/mime-db/-/mime-db-1.26.0.tgz#eaffcd0e4fc6935cf8134da246e2e6c35305adff"

mime-types@^2.1.12, mime-types@~2.1.7:
  version "2.1.14"
  resolved "https://registry.yarnpkg.com/mime-types/-/mime-types-2.1.14.tgz#f7ef7d97583fcaf3b7d282b6f8b5679dab1e94ee"
  dependencies:
    mime-db "~1.26.0"

minimatch@^3.0.2:
  version "3.0.3"
  resolved "https://registry.yarnpkg.com/minimatch/-/minimatch-3.0.3.tgz#2a4e4090b96b2db06a9d7df01055a62a77c9b774"
  dependencies:
    brace-expansion "^1.0.0"

minimist@0.0.8, minimist@~0.0.1:
  version "0.0.8"
  resolved "https://registry.yarnpkg.com/minimist/-/minimist-0.0.8.tgz#857fcabfc3397d2625b8228262e86aa7a011b05d"

mkdir-p@~0.0.4:
  version "0.0.7"
  resolved "https://registry.yarnpkg.com/mkdir-p/-/mkdir-p-0.0.7.tgz#24c5dbe26da3a99ef158a1eef9a5c2dd9de5683c"

mkdirp@0.5.1, mkdirp@^0.5.1, mkdirp@~0.5.0, mkdirp@~0.5.1:
  version "0.5.1"
  resolved "https://registry.yarnpkg.com/mkdirp/-/mkdirp-0.5.1.tgz#30057438eac6cf7f8c4767f38648d6697d75c903"
  dependencies:
    minimist "0.0.8"

moment@^2.17.0:
  version "2.17.1"
  resolved "https://registry.yarnpkg.com/moment/-/moment-2.17.1.tgz#fed9506063f36b10f066c8b59a144d7faebe1d82"

node-fetch@^1.0.1:
  version "1.6.3"
  resolved "https://registry.yarnpkg.com/node-fetch/-/node-fetch-1.6.3.tgz#dc234edd6489982d58e8f0db4f695029abcd8c04"
  dependencies:
    encoding "^0.1.11"
    is-stream "^1.0.1"

node-uuid@~1.4.7:
  version "1.4.7"
  resolved "https://registry.yarnpkg.com/node-uuid/-/node-uuid-1.4.7.tgz#6da5a17668c4b3dd59623bda11cf7fa4c1f60a6f"

nopt@~2.1.1:
  version "2.1.2"
  resolved "https://registry.yarnpkg.com/nopt/-/nopt-2.1.2.tgz#6cccd977b80132a07731d6e8ce58c2c8303cf9af"
  dependencies:
    abbrev "1"

nopt@~3.0.1:
  version "3.0.6"
  resolved "https://registry.yarnpkg.com/nopt/-/nopt-3.0.6.tgz#c6465dbf08abcd4db359317f79ac68a646b28ff9"
  dependencies:
    abbrev "1"

normalize-range@^0.1.2:
  version "0.1.2"
  resolved "https://registry.yarnpkg.com/normalize-range/-/normalize-range-0.1.2.tgz#2d10c06bdfd312ea9777695a4d28439456b75942"

num2fraction@^1.2.2:
  version "1.2.2"
  resolved "https://registry.yarnpkg.com/num2fraction/-/num2fraction-1.2.2.tgz#6f682b6a027a4e9ddfa4564cd2589d1d4e669ede"

oauth-sign@~0.8.1:
  version "0.8.2"
  resolved "https://registry.yarnpkg.com/oauth-sign/-/oauth-sign-0.8.2.tgz#46a6ab7f0aead8deae9ec0565780b7d4efeb9d43"

object-get@^2.0.4, object-get@^2.1.0:
  version "2.1.0"
  resolved "https://registry.yarnpkg.com/object-get/-/object-get-2.1.0.tgz#722bbdb60039efa47cad3c6dc2ce51a85c02c5ae"

object-to-spawn-args@^1.1.0:
  version "1.1.0"
  resolved "https://registry.yarnpkg.com/object-to-spawn-args/-/object-to-spawn-args-1.1.0.tgz#031a200e37db2c3dfc9b98074a0d69a5be253c1c"

once@^1.3.0:
  version "1.4.0"
  resolved "https://registry.yarnpkg.com/once/-/once-1.4.0.tgz#583b1aa775961d4b113ac17d9c50baef9dd76bd1"
  dependencies:
    wrappy "1"

optimist@^0.6.1:
  version "0.6.1"
  resolved "https://registry.yarnpkg.com/optimist/-/optimist-0.6.1.tgz#da3ea74686fa21a19a111c326e90eb15a0196686"
  dependencies:
    minimist "~0.0.1"
    wordwrap "~0.0.2"

optimist@~0.3.5:
  version "0.3.7"
  resolved "https://registry.yarnpkg.com/optimist/-/optimist-0.3.7.tgz#c90941ad59e4273328923074d2cf2e7cbc6ec0d9"
  dependencies:
    wordwrap "~0.0.2"

parse5@2.2.1, parse5@^2.2.1:
  version "2.2.1"
  resolved "https://registry.yarnpkg.com/parse5/-/parse5-2.2.1.tgz#48dcafe712b0dc583f9ddabf1a4a50d8898e821c"

path-is-absolute@^1.0.0:
  version "1.0.1"
  resolved "https://registry.yarnpkg.com/path-is-absolute/-/path-is-absolute-1.0.1.tgz#174b9268735534ffbc7ace6bf53a5a9e1b5c5f5f"

pinkie-promise@^2.0.0:
  version "2.0.1"
  resolved "https://registry.yarnpkg.com/pinkie-promise/-/pinkie-promise-2.0.1.tgz#2135d6dfa7a358c069ac9b178776288228450ffa"
  dependencies:
    pinkie "^2.0.0"

pinkie@^2.0.0:
  version "2.0.4"
  resolved "https://registry.yarnpkg.com/pinkie/-/pinkie-2.0.4.tgz#72556b80cfa0d48a974e80e77248e80ed4f7f870"

postcss-value-parser@^3.2.3:
  version "3.3.0"
  resolved "https://registry.yarnpkg.com/postcss-value-parser/-/postcss-value-parser-3.3.0.tgz#87f38f9f18f774a4ab4c8a232f5c5ce8872a9d15"

postcss@^5.2.4:
  version "5.2.11"
  resolved "https://registry.yarnpkg.com/postcss/-/postcss-5.2.11.tgz#ff29bcd6d2efb98bfe08a022055ec599bbe7b761"
  dependencies:
    chalk "^1.1.3"
    js-base64 "^2.1.9"
    source-map "^0.5.6"
    supports-color "^3.2.3"

preboot@4.5.2:
  version "4.5.2"
  resolved "https://registry.yarnpkg.com/preboot/-/preboot-4.5.2.tgz#cb349209958c2b48d7f74137b3499bbbe5472a5e"

proto-list@~1.2.1:
  version "1.2.4"
  resolved "https://registry.yarnpkg.com/proto-list/-/proto-list-1.2.4.tgz#212d5bfe1318306a420f6402b8e26ff39647a849"

pseudomap@^1.0.1:
  version "1.0.2"
  resolved "https://registry.yarnpkg.com/pseudomap/-/pseudomap-1.0.2.tgz#f052a28da70e618917ef0a8ac34c1ae5a68286b3"

punycode@^1.4.1:
  version "1.4.1"
  resolved "https://registry.yarnpkg.com/punycode/-/punycode-1.4.1.tgz#c0d5a63b2718800ad8e1eb0fa5269c84dd41845e"

qs@~6.3.0:
  version "6.3.0"
  resolved "https://registry.yarnpkg.com/qs/-/qs-6.3.0.tgz#f403b264f23bc01228c74131b407f18d5ea5d442"

reduce-extract@^1.0.0:
  version "1.0.0"
  resolved "https://registry.yarnpkg.com/reduce-extract/-/reduce-extract-1.0.0.tgz#67f2385beda65061b5f5f4312662e8b080ca1525"
  dependencies:
    test-value "^1.0.1"

reduce-flatten@^1.0.1:
  version "1.0.1"
  resolved "https://registry.yarnpkg.com/reduce-flatten/-/reduce-flatten-1.0.1.tgz#258c78efd153ddf93cb561237f61184f3696e327"

reduce-unique@^1.0.0:
  version "1.0.0"
  resolved "https://registry.yarnpkg.com/reduce-unique/-/reduce-unique-1.0.0.tgz#7e586bcf87a4e32b6d7abd8277fad6cdec9f4803"

reduce-without@^1.0.1:
  version "1.0.1"
  resolved "https://registry.yarnpkg.com/reduce-without/-/reduce-without-1.0.1.tgz#68ad0ead11855c9a37d4e8256c15bbf87972fc8c"
  dependencies:
    test-value "^2.0.0"

redux@^3.4.0:
  version "3.6.0"
  resolved "https://registry.yarnpkg.com/redux/-/redux-3.6.0.tgz#887c2b3d0b9bd86eca2be70571c27654c19e188d"
  dependencies:
    lodash "^4.2.1"
    lodash-es "^4.2.1"
    loose-envify "^1.1.0"
    symbol-observable "^1.0.2"

reflect-metadata@0.1.2:
  version "0.1.2"
  resolved "https://registry.yarnpkg.com/reflect-metadata/-/reflect-metadata-0.1.2.tgz#ea23e5823dc830f292822bd3da9b89fd57bffb03"

regenerator-runtime@^0.10.0:
  version "0.10.1"
  resolved "https://registry.yarnpkg.com/regenerator-runtime/-/regenerator-runtime-0.10.1.tgz#257f41961ce44558b18f7814af48c17559f9faeb"

req-then@^0.5.1:
  version "0.5.1"
  resolved "https://registry.yarnpkg.com/req-then/-/req-then-0.5.1.tgz#31c6e0b56f4ddd2acd6de0ba1bcea77b6079dfdf"
  dependencies:
    array-back "^1.0.3"
    defer-promise "^1.0.0"
    feature-detect-es6 "^1.3.1"
    lodash.pick "^4.4.0"
    typical "^2.6.0"

request@2.76.0:
  version "2.76.0"
  resolved "https://registry.yarnpkg.com/request/-/request-2.76.0.tgz#be44505afef70360a0436955106be3945d95560e"
  dependencies:
    aws-sign2 "~0.6.0"
    aws4 "^1.2.1"
    caseless "~0.11.0"
    combined-stream "~1.0.5"
    extend "~3.0.0"
    forever-agent "~0.6.1"
    form-data "~2.1.1"
    har-validator "~2.0.6"
    hawk "~3.1.3"
    http-signature "~1.1.0"
    is-typedarray "~1.0.0"
    isstream "~0.1.2"
    json-stringify-safe "~5.0.1"
    mime-types "~2.1.7"
    node-uuid "~1.4.7"
    oauth-sign "~0.8.1"
    qs "~6.3.0"
    stringstream "~0.0.4"
    tough-cookie "~2.3.0"
    tunnel-agent "~0.4.1"

requizzle@~0.2.1:
  version "0.2.1"
  resolved "https://registry.yarnpkg.com/requizzle/-/requizzle-0.2.1.tgz#6943c3530c4d9a7e46f1cddd51c158fc670cdbde"
  dependencies:
    underscore "~1.6.0"

resolve-url@~0.2.1:
  version "0.2.1"
  resolved "https://registry.yarnpkg.com/resolve-url/-/resolve-url-0.2.1.tgz#2c637fe77c893afd2a663fe21aa9080068e2052a"

rimraf@2.5.4:
  version "2.5.4"
  resolved "https://registry.yarnpkg.com/rimraf/-/rimraf-2.5.4.tgz#96800093cbf1a0c86bd95b4625467535c29dfa04"
  dependencies:
    glob "^7.0.5"

rxjs@5.0.0-beta.12:
  version "5.0.0-beta.12"
  resolved "https://registry.yarnpkg.com/rxjs/-/rxjs-5.0.0-beta.12.tgz#cdfde2d8c4639d20ae7794bff8fddf32da7ad337"
  dependencies:
    symbol-observable "^1.0.1"

sigmund@^1.0.1:
  version "1.0.1"
  resolved "https://registry.yarnpkg.com/sigmund/-/sigmund-1.0.1.tgz#3ff21f198cad2175f9f3b781853fd94d0d19b590"

sntp@1.x.x:
  version "1.0.9"
  resolved "https://registry.yarnpkg.com/sntp/-/sntp-1.0.9.tgz#6541184cc90aeea6c6e7b35e2659082443c66198"
  dependencies:
    hoek "2.x.x"

sort-array@^1.1.1:
  version "1.1.1"
  resolved "https://registry.yarnpkg.com/sort-array/-/sort-array-1.1.1.tgz#9032f6f0be284eecb12af98a3db02612828a66d1"
  dependencies:
    array-back "^1.0.3"
    object-get "^2.0.4"
    typical "^2.4.2"

source-map-resolve@^0.3.0:
  version "0.3.1"
  resolved "https://registry.yarnpkg.com/source-map-resolve/-/source-map-resolve-0.3.1.tgz#610f6122a445b8dd51535a2a71b783dfc1248761"
  dependencies:
    atob "~1.1.0"
    resolve-url "~0.2.1"
    source-map-url "~0.3.0"
    urix "~0.1.0"

source-map-url@~0.3.0:
  version "0.3.0"
  resolved "https://registry.yarnpkg.com/source-map-url/-/source-map-url-0.3.0.tgz#7ecaf13b57bcd09da8a40c5d269db33799d4aaf9"

source-map@^0.1.38, source-map@^0.1.40, source-map@~0.1.7:
  version "0.1.43"
  resolved "https://registry.yarnpkg.com/source-map/-/source-map-0.1.43.tgz#c24bc146ca517c1471f5dacbe2571b2b7f9e3346"
  dependencies:
    amdefine ">=0.0.4"

source-map@^0.5.6:
  version "0.5.6"
  resolved "https://registry.yarnpkg.com/source-map/-/source-map-0.5.6.tgz#75ce38f52bf0733c5a7f0c118d81334a2bb5f412"

sshpk@^1.7.0:
  version "1.10.2"
  resolved "https://registry.yarnpkg.com/sshpk/-/sshpk-1.10.2.tgz#d5a804ce22695515638e798dbe23273de070a5fa"
  dependencies:
    asn1 "~0.2.3"
    assert-plus "^1.0.0"
    dashdash "^1.12.0"
    getpass "^0.1.1"
  optionalDependencies:
    bcrypt-pbkdf "^1.0.0"
    ecc-jsbn "~0.1.1"
    jodid25519 "^1.0.0"
    jsbn "~0.1.0"
    tweetnacl "~0.14.0"

stream-connect@^1.0.2:
  version "1.0.2"
  resolved "https://registry.yarnpkg.com/stream-connect/-/stream-connect-1.0.2.tgz#18bc81f2edb35b8b5d9a8009200a985314428a97"
  dependencies:
    array-back "^1.0.2"

stream-via@^1.0.3:
  version "1.0.3"
  resolved "https://registry.yarnpkg.com/stream-via/-/stream-via-1.0.3.tgz#cebd32a5a59d74b3b68e3404942e867184ad4ac9"

stringstream@~0.0.4:
  version "0.0.5"
  resolved "https://registry.yarnpkg.com/stringstream/-/stringstream-0.0.5.tgz#4e484cd4de5a0bbbee18e46307710a8a81621878"

strip-ansi@^3.0.0:
  version "3.0.1"
  resolved "https://registry.yarnpkg.com/strip-ansi/-/strip-ansi-3.0.1.tgz#6a385fb8853d952d5ff05d0e8aaf94278dc63dcf"
  dependencies:
    ansi-regex "^2.0.0"

strip-json-comments@~2.0.1:
  version "2.0.1"
  resolved "https://registry.yarnpkg.com/strip-json-comments/-/strip-json-comments-2.0.1.tgz#3c531942e908c2697c0ec344858c286c7ca0a60a"

striptags@^2.1.1:
  version "2.2.1"
  resolved "https://registry.yarnpkg.com/striptags/-/striptags-2.2.1.tgz#4c450b708d41b8bf39cf24c49ff234fc6aabfd32"

supports-color@^2.0.0:
  version "2.0.0"
  resolved "https://registry.yarnpkg.com/supports-color/-/supports-color-2.0.0.tgz#535d045ce6b6363fa40117084629995e9df324c7"

supports-color@^3.2.3:
  version "3.2.3"
  resolved "https://registry.yarnpkg.com/supports-color/-/supports-color-3.2.3.tgz#65ac0504b3954171d8a64946b2ae3cbb8a5f54f6"
  dependencies:
    has-flag "^1.0.0"

symbol-observable@^1.0.1, symbol-observable@^1.0.2:
  version "1.0.4"
  resolved "https://registry.yarnpkg.com/symbol-observable/-/symbol-observable-1.0.4.tgz#29bf615d4aa7121bdd898b22d4b3f9bc4e2aa03d"

table-layout@^0.3.0:
  version "0.3.0"
  resolved "https://registry.yarnpkg.com/table-layout/-/table-layout-0.3.0.tgz#6ee20dc483db371b3e5c87f704ed2f7c799d2c9a"
  dependencies:
    array-back "^1.0.3"
    core-js "^2.4.1"
    deep-extend "~0.4.1"
    feature-detect-es6 "^1.3.1"
    typical "^2.6.0"
    wordwrapjs "^2.0.0-0"

taffydb@2.6.2:
  version "2.6.2"
  resolved "https://registry.yarnpkg.com/taffydb/-/taffydb-2.6.2.tgz#7cbcb64b5a141b6a2efc2c5d2c67b4e150b2a268"

temp-path@^1.0.0:
  version "1.0.0"
  resolved "https://registry.yarnpkg.com/temp-path/-/temp-path-1.0.0.tgz#24b1543973ab442896d9ad367dd9cbdbfafe918b"

test-value@^1.0.1:
  version "1.1.0"
  resolved "https://registry.yarnpkg.com/test-value/-/test-value-1.1.0.tgz#a09136f72ec043d27c893707c2b159bfad7de93f"
  dependencies:
    array-back "^1.0.2"
    typical "^2.4.2"

test-value@^2.0.0, test-value@^2.1.0:
  version "2.1.0"
  resolved "https://registry.yarnpkg.com/test-value/-/test-value-2.1.0.tgz#11da6ff670f3471a73b625ca4f3fdcf7bb748291"
  dependencies:
    array-back "^1.0.3"
    typical "^2.6.0"

tough-cookie@~2.3.0:
  version "2.3.2"
  resolved "https://registry.yarnpkg.com/tough-cookie/-/tough-cookie-2.3.2.tgz#f081f76e4c85720e6c37a5faced737150d84072a"
  dependencies:
    punycode "^1.4.1"

tunnel-agent@~0.4.1:
  version "0.4.3"
  resolved "https://registry.yarnpkg.com/tunnel-agent/-/tunnel-agent-0.4.3.tgz#6373db76909fe570e08d73583365ed828a74eeeb"

tweetnacl@^0.14.3, tweetnacl@~0.14.0:
  version "0.14.5"
  resolved "https://registry.yarnpkg.com/tweetnacl/-/tweetnacl-0.14.5.tgz#5ae68177f192d4456269d108afa93ff8743f4f64"

typescript@2.0.10:
  version "2.0.10"
  resolved "https://registry.yarnpkg.com/typescript/-/typescript-2.0.10.tgz#ccdd4ed86fd5550a407101a0814012e1b3fac3dd"

typical@^2.4.2, typical@^2.6.0:
  version "2.6.0"
  resolved "https://registry.yarnpkg.com/typical/-/typical-2.6.0.tgz#89d51554ab139848a65bcc2c8772f8fb450c40ed"

uglify-js@~2.3:
  version "2.3.6"
  resolved "https://registry.yarnpkg.com/uglify-js/-/uglify-js-2.3.6.tgz#fa0984770b428b7a9b2a8058f46355d14fef211a"
  dependencies:
    async "~0.2.6"
    optimist "~0.3.5"
    source-map "~0.1.7"

underscore-contrib@~0.3.0:
  version "0.3.0"
  resolved "https://registry.yarnpkg.com/underscore-contrib/-/underscore-contrib-0.3.0.tgz#665b66c24783f8fa2b18c9f8cbb0e2c7d48c26c7"
  dependencies:
    underscore "1.6.0"

underscore@1.6.0, underscore@~1.6.0:
  version "1.6.0"
  resolved "https://registry.yarnpkg.com/underscore/-/underscore-1.6.0.tgz#8b38b10cacdef63337b8b24e4ff86d45aea529a8"

underscore@~1.8.3:
  version "1.8.3"
  resolved "https://registry.yarnpkg.com/underscore/-/underscore-1.8.3.tgz#4f3fb53b106e6097fcf9cb4109f2a5e9bdfa5022"

urix@^0.1.0, urix@~0.1.0:
  version "0.1.0"
  resolved "https://registry.yarnpkg.com/urix/-/urix-0.1.0.tgz#da937f7a62e21fec1fd18d49b35c2935067a6c72"

usage-stats@^0.8.2:
  version "0.8.2"
  resolved "https://registry.yarnpkg.com/usage-stats/-/usage-stats-0.8.2.tgz#d7be5203682e267f7696b354356c8c376aa12542"
  dependencies:
    array-back "^1.0.3"
    cli-commands "0.1.0"
    core-js "^2.4.1"
    feature-detect-es6 "^1.3.1"
    home-path "^1.0.3"
    mkdirp "^0.5.1"
    req-then "^0.5.1"
    typical "^2.6.0"
    uuid "^3.0.0"

uuid@^3.0.0:
  version "3.0.1"
  resolved "https://registry.yarnpkg.com/uuid/-/uuid-3.0.1.tgz#6544bba2dfda8c1cf17e629a3a305e2bb1fee6c1"

verror@1.3.6:
  version "1.3.6"
  resolved "https://registry.yarnpkg.com/verror/-/verror-1.3.6.tgz#cff5df12946d297d2baaefaa2689e25be01c005c"
  dependencies:
    extsprintf "1.0.2"

walk-back@^2.0.1:
  version "2.0.1"
  resolved "https://registry.yarnpkg.com/walk-back/-/walk-back-2.0.1.tgz#554e2a9d874fac47a8cb006bf44c2f0c4998a0a4"

whatwg-fetch@>=0.10.0, whatwg-fetch@^2.0.0:
  version "2.0.2"
  resolved "https://registry.yarnpkg.com/whatwg-fetch/-/whatwg-fetch-2.0.2.tgz#fe294d1d89e36c5be8b3195057f2e4bc74fc980e"

wordwrap@~0.0.2:
  version "0.0.3"
  resolved "https://registry.yarnpkg.com/wordwrap/-/wordwrap-0.0.3.tgz#a3d5da6cd5c0bc0008d37234bbaf1bed63059107"

wordwrapjs@^2.0.0-0:
  version "2.0.0"
  resolved "https://registry.yarnpkg.com/wordwrapjs/-/wordwrapjs-2.0.0.tgz#ab55f695e6118da93858fdd70c053d1c5e01ac20"
  dependencies:
    array-back "^1.0.3"
    feature-detect-es6 "^1.3.1"
    reduce-flatten "^1.0.1"
    typical "^2.6.0"

wrappy@1:
  version "1.0.2"
  resolved "https://registry.yarnpkg.com/wrappy/-/wrappy-1.0.2.tgz#b5243d8f3ec1aa35f1364605bc0d1036e30ab69f"

xhr2@^0.1.3:
  version "0.1.4"
  resolved "https://registry.yarnpkg.com/xhr2/-/xhr2-0.1.4.tgz#7f87658847716db5026323812f818cadab387a5f"

xtend@^4.0.0:
  version "4.0.1"
  resolved "https://registry.yarnpkg.com/xtend/-/xtend-4.0.1.tgz#a5c6d532be656e23db820efb943a1f04998d63af"

zone.js@0.6.26:
  version "0.6.26"
  resolved "https://registry.yarnpkg.com/zone.js/-/zone.js-0.6.26.tgz#067c13b8b80223a89b62e9dc82680f09762c4636"
